<Project xmlns="http://schemas.microsoft.com/developer/msbuild/2003">
  <PropertyGroup>
    <ProjectGuid>{9b93da58-5792-4f34-a859-79abff43de22}</ProjectGuid>
    <MainSource>OTFEFreeOTFETestProject.dpr</MainSource>
    <Configuration Condition=" '$(Configuration)' == '' ">Debug</Configuration>
    <Platform Condition=" '$(Platform)' == '' ">AnyCPU</Platform>
    <DCC_DCCCompiler>DCC32</DCC_DCCCompiler>
    <DCC_DependencyCheckOutputName>OTFEFreeOTFETestProject.exe</DCC_DependencyCheckOutputName>
  </PropertyGroup>
  <PropertyGroup Condition=" '$(Configuration)|$(Platform)' == 'Release|AnyCPU' ">
    <Version>7.0</Version>
    <DCC_DebugInformation>False</DCC_DebugInformation>
    <DCC_WriteableConstants>True</DCC_WriteableConstants>
    <DCC_LocalDebugSymbols>False</DCC_LocalDebugSymbols>
    <DCC_Optimize>False</DCC_Optimize>
    <DCC_GenerateStackFrames>True</DCC_GenerateStackFrames>
    <DCC_SymbolReferenceInfo>0</DCC_SymbolReferenceInfo>
    <DCC_DebugInfoInExe>True</DCC_DebugInfoInExe>
    <DCC_DebugVN>True</DCC_DebugVN>
    <DCC_UnitSearchPath>$(DELPHI)\Lib\Debug</DCC_UnitSearchPath>
    <DCC_ResourcePath>$(DELPHI)\Lib\Debug</DCC_ResourcePath>
    <DCC_ObjPath>$(DELPHI)\Lib\Debug</DCC_ObjPath>
    <DCC_IncludePath>$(DELPHI)\Lib\Debug</DCC_IncludePath>
    <DCC_Define>RELEASE</DCC_Define>
  </PropertyGroup>
  <PropertyGroup Condition=" '$(Configuration)|$(Platform)' == 'Debug|AnyCPU' ">
    <Version>7.0</Version>
    <DCC_WriteableConstants>True</DCC_WriteableConstants>
    <DCC_Optimize>False</DCC_Optimize>
    <DCC_GenerateStackFrames>True</DCC_GenerateStackFrames>
    <DCC_SymbolReferenceInfo>0</DCC_SymbolReferenceInfo>
    <DCC_DebugInfoInExe>True</DCC_DebugInfoInExe>
    <DCC_DebugVN>True</DCC_DebugVN>
    <DCC_UnitSearchPath>$(DELPHI)\Lib\Debug</DCC_UnitSearchPath>
    <DCC_ResourcePath>$(DELPHI)\Lib\Debug</DCC_ResourcePath>
    <DCC_ObjPath>$(DELPHI)\Lib\Debug</DCC_ObjPath>
    <DCC_IncludePath>$(DELPHI)\Lib\Debug</DCC_IncludePath>
    <DCC_Define>DEBUG</DCC_Define>
  </PropertyGroup>
  <ProjectExtensions>
    <Borland.Personality>Delphi.Personality</Borland.Personality>
    <Borland.ProjectType>VCLApplication</Borland.ProjectType>
    <BorlandProject>
<BorlandProject><Delphi.Personality><Parameters><Parameters Name="UseLauncher">False</Parameters><Parameters Name="LoadAllSymbols">True</Parameters><Parameters Name="LoadUnspecifiedSymbols">False</Parameters></Parameters><Language><Language Name="ProjectLang">$00000809</Language></Language><VersionInfo><VersionInfo Name="IncludeVerInfo">True</VersionInfo><VersionInfo Name="AutoIncBuild">False</VersionInfo><VersionInfo Name="MajorVer">0</VersionInfo><VersionInfo Name="MinorVer">1</VersionInfo><VersionInfo Name="Release">0</VersionInfo><VersionInfo Name="Build">806</VersionInfo><VersionInfo Name="Debug">False</VersionInfo><VersionInfo Name="PreRelease">False</VersionInfo><VersionInfo Name="Special">False</VersionInfo><VersionInfo Name="Private">False</VersionInfo><VersionInfo Name="DLL">False</VersionInfo><VersionInfo Name="Locale">1033</VersionInfo><VersionInfo Name="CodePage">1252</VersionInfo></VersionInfo><VersionInfoKeys><VersionInfoKeys Name="CompanyName">Sarah Dean</VersionInfoKeys><VersionInfoKeys Name="FileDescription">FreeOTFE Delphi Component Demo</VersionInfoKeys><VersionInfoKeys Name="FileVersion">0.1.0.806</VersionInfoKeys><VersionInfoKeys Name="InternalName">FreeOTFE Delphi Component Demo</VersionInfoKeys><VersionInfoKeys Name="LegalCopyright"></VersionInfoKeys><VersionInfoKeys Name="LegalTrademarks"></VersionInfoKeys><VersionInfoKeys Name="OriginalFilename">OTFEFreeOTFETestApp.exe</VersionInfoKeys><VersionInfoKeys Name="ProductName"></VersionInfoKeys><VersionInfoKeys Name="ProductVersion">0.01.00</VersionInfoKeys><VersionInfoKeys Name="Comments">http://www.FreeOTFE.org/</VersionInfoKeys></VersionInfoKeys><Source><Source Name="MainSource">OTFEFreeOTFETestProject.dpr</Source></Source></Delphi.Personality></BorlandProject></BorlandProject>
  </ProjectExtensions>
  <Import Project="$(MSBuildBinPath)\Borland.Delphi.Targets" />
  <ItemGroup>
    <DelphiCompile Include="OTFEFreeOTFETestProject.dpr">
      <MainSource>MainSource</MainSource>
    </DelphiCompile>
    <DCCReference Include="CriticalBlockTest_U.pas">
      <Form>CriticalBlockTest_F</Form>
    </DCCReference>
    <DCCReference Include="cryptlibAPITest_U.pas">
      <Form>cryptlibAPITest</Form>
    </DCCReference>
    <DCCReference Include="OTFEFreeOTFETestApp_U.pas">
      <Form>OTFEFreeOTFETestApp_F</Form>
    </DCCReference>
    <DCCReference Include="RNGTest_U.pas">
      <Form>RNGTest</Form>
    </DCCReference>
  </ItemGroup>
</Project>