	<Project xmlns="http://schemas.microsoft.com/developer/msbuild/2003">
		<PropertyGroup>
			<ProjectGuid>{3b7b6a11-cb05-46ea-a273-2b8edc31ba9d}</ProjectGuid>
			<Configuration Condition=" '$(Configuration)' == '' ">Debug</Configuration>
			<DCC_DCCCompiler>DCC32</DCC_DCCCompiler>
			<DCC_DependencyCheckOutputName>..\..\..\..\bin\PC\FreeOTFEExplorer.exe</DCC_DependencyCheckOutputName>
			<MainSource>LibreCryptExplorer.dpr</MainSource>
			<FrameworkType>VCL</FrameworkType>
			<ProjectVersion>13.4</ProjectVersion>
			<Base>True</Base>
			<Config Condition="'$(Config)'==''">Debug</Config>
			<Platform Condition="'$(Platform)'==''">Win32</Platform>
			<TargetedPlatforms>3</TargetedPlatforms>
			<AppType>Application</AppType>
		</PropertyGroup>
		<PropertyGroup Condition="'$(Config)'=='Base' or '$(Base)'!=''">
			<Base>true</Base>
		</PropertyGroup>
		<PropertyGroup Condition="('$(Platform)'=='Win64' and '$(Base)'=='true') or '$(Base_Win64)'!=''">
			<Base_Win64>true</Base_Win64>
			<CfgParent>Base</CfgParent>
			<Base>true</Base>
		</PropertyGroup>
		<PropertyGroup Condition="('$(Platform)'=='Win32' and '$(Base)'=='true') or '$(Base_Win32)'!=''">
			<Base_Win32>true</Base_Win32>
			<CfgParent>Base</CfgParent>
			<Base>true</Base>
		</PropertyGroup>
		<PropertyGroup Condition="'$(Config)'=='Release' or '$(Cfg_1)'!=''">
			<Cfg_1>true</Cfg_1>
			<CfgParent>Base</CfgParent>
			<Base>true</Base>
		</PropertyGroup>
		<PropertyGroup Condition="('$(Platform)'=='Win64' and '$(Cfg_1)'=='true') or '$(Cfg_1_Win64)'!=''">
			<Cfg_1_Win64>true</Cfg_1_Win64>
			<CfgParent>Cfg_1</CfgParent>
			<Cfg_1>true</Cfg_1>
			<Base>true</Base>
		</PropertyGroup>
		<PropertyGroup Condition="('$(Platform)'=='Win32' and '$(Cfg_1)'=='true') or '$(Cfg_1_Win32)'!=''">
			<Cfg_1_Win32>true</Cfg_1_Win32>
			<CfgParent>Cfg_1</CfgParent>
			<Cfg_1>true</Cfg_1>
			<Base>true</Base>
		</PropertyGroup>
		<PropertyGroup Condition="'$(Config)'=='Debug' or '$(Cfg_2)'!=''">
			<Cfg_2>true</Cfg_2>
			<CfgParent>Base</CfgParent>
			<Base>true</Base>
		</PropertyGroup>
		<PropertyGroup Condition="('$(Platform)'=='Win64' and '$(Cfg_2)'=='true') or '$(Cfg_2_Win64)'!=''">
			<Cfg_2_Win64>true</Cfg_2_Win64>
			<CfgParent>Cfg_2</CfgParent>
			<Cfg_2>true</Cfg_2>
			<Base>true</Base>
		</PropertyGroup>
		<PropertyGroup Condition="('$(Platform)'=='Win32' and '$(Cfg_2)'=='true') or '$(Cfg_2_Win32)'!=''">
			<Cfg_2_Win32>true</Cfg_2_Win32>
			<CfgParent>Cfg_2</CfgParent>
			<Cfg_2>true</Cfg_2>
			<Base>true</Base>
		</PropertyGroup>
		<PropertyGroup Condition="'$(Base)'!=''">
			<DCC_IMPLICIT_STRING_CAST>false</DCC_IMPLICIT_STRING_CAST>
			<VerInfo_AutoGenVersion>true</VerInfo_AutoGenVersion>
			<DCC_ExeOutput>..\..\..\..\bin\PC\$(Config)\$(Platform)</DCC_ExeOutput>
			<DCC_DcuOutput>P:\src\PC\gui\explorer\dcus\$(Config)\$(Platform)</DCC_DcuOutput>
			<DCC_Define>FREEOTFE_EXPLORER;AlwaysClearFreedMemory;$(DCC_Define)</DCC_Define>
			<Icon_MainIcon>..\..\..\Common\Common\images\DoxBox.ico</Icon_MainIcon>
			<DCC_UnitSearchPath>..\..\..\..\SDeanComponents\Components\SDeanUtils;..\..\..\..\\SDeanComponents\Components\SDeanSecurity\Shredder\;..\..\..\..\\SDeanComponents\Components\SDeanSecurity\MouseRNG\;..\..\..\..\SDeanComponents\Components\SDeanSecurity\PasswordRichEdit\;..\..\..\..\SDeanComponents\Components\SDeanFilesystem\;..\..\..\..\SDeanComponents\Components\OTFE\OTFEFreeOTFE\;..\..\..\..\\SDeanComponents\Components\OTFE\OTFE\;..\common\SDeanUtils\;..\common;..\..\..\3rd_party\FastMM\;$(DCC_UnitSearchPath)</DCC_UnitSearchPath>
			<Manifest_File>None</Manifest_File>
			<VerInfo_MinorVer>2</VerInfo_MinorVer>
			<VerInfo_MajorVer>6</VerInfo_MajorVer>
			<DCC_Namespace>Vcl;Vcl.Imaging;Vcl.Touch;Vcl.Samples;Vcl.Shell;System;Xml;Data;Datasnap;Web;Soap;Winapi;System.Win;VCLTee;$(DCC_Namespace)</DCC_Namespace>
			<VerInfo_Locale>2057</VerInfo_Locale>
			<VerInfo_Keys>CompanyName=LibreCrypt;FileDescription=LibreCrypt Explorer;FileVersion=6.2.0.0;InternalName=LibreCrypt Explorer;LegalCopyright=Copyright (C) 2010-2015 Sarah Dean &amp; tdk;LegalTrademarks=LibreCrypt;OriginalFilename=LibreCryptExplorer.exe;ProductName=LibreCrypt Explorer;ProductVersion=6.2;Comments=http://LibreCrypt.eu</VerInfo_Keys>
			<VerInfo_IncludeVerInfo>true</VerInfo_IncludeVerInfo>
		</PropertyGroup>
		<PropertyGroup Condition="'$(Base_Win64)'!=''">
			<VerInfo_Keys>CompanyName=;FileDescription=;FileVersion=1.0.0.0;InternalName=;LegalCopyright=;LegalTrademarks=;OriginalFilename=;ProductName=;ProductVersion=1.0.0.0;Comments=</VerInfo_Keys>
			<DCC_Namespace>Data.Win;Datasnap.Win;Web.Win;Soap.Win;Xml.Win;$(DCC_Namespace)</DCC_Namespace>
			<VerInfo_Locale>1033</VerInfo_Locale>
			<Manifest_File>$(BDS)\bin\default_app.manifest</Manifest_File>
			<DCC_UsePackage>vclx;vcl;$(DCC_UsePackage)</DCC_UsePackage>
		</PropertyGroup>
		<PropertyGroup Condition="'$(Base_Win32)'!=''">
			<DCC_UsePackage>vclx;vcl;bdertl;TeeUI;TeeDB;Tee;$(DCC_UsePackage)</DCC_UsePackage>
			<DCC_Namespace>Data.Win;Datasnap.Win;Web.Win;Soap.Win;Xml.Win;Bde;$(DCC_Namespace)</DCC_Namespace>
			<VerInfo_Keys>CompanyName=;FileDescription=;FileVersion=;InternalName=;LegalCopyright=;LegalTrademarks=;OriginalFilename=;ProductName=;ProductVersion=;Comments=</VerInfo_Keys>
			<VerInfo_Locale>1033</VerInfo_Locale>
			<Manifest_File>$(BDS)\bin\default_app.manifest</Manifest_File>
		</PropertyGroup>
		<PropertyGroup Condition="'$(Cfg_1)'!=''">
			<Version>7.0</Version>
			<DCC_DebugInformation>False</DCC_DebugInformation>
			<DCC_LocalDebugSymbols>False</DCC_LocalDebugSymbols>
			<DCC_SymbolReferenceInfo>0</DCC_SymbolReferenceInfo>
			<DCC_Define>RELEASE;$(DCC_Define)</DCC_Define>
		</PropertyGroup>
		<PropertyGroup Condition="'$(Cfg_1_Win64)'!=''">
			<VerInfo_Keys>CompanyName=;FileDescription=;FileVersion=1.0.0.0;InternalName=;LegalCopyright=;LegalTrademarks=;OriginalFilename=;ProductName=;ProductVersion=1.0.0.0;Comments=</VerInfo_Keys>
			<Manifest_File>$(BDS)\bin\default_app.manifest</Manifest_File>
			<VerInfo_Locale>1033</VerInfo_Locale>
		</PropertyGroup>
		<Import Condition="'$(Cfg_1_Win32)'!='' And Exists('..\6p1.optset')" Project="..\6p1.optset"/>
		<PropertyGroup Condition="'$(Cfg_1_Win32)'!=''">
			<VerInfo_Keys>CompanyName=LibreCrypt;FileDescription=LibreCrypt Explorer;FileVersion=6.2;InternalName=LibreCrypt Explorer;LegalCopyright=Copyright (C) 2010-2015 Sarah Dean &amp; tdk;LegalTrademarks=LibreCrypt;OriginalFilename=LibreCryptExplorer.exe;ProductName=LibreCrypt Explorer;ProductVersion=6.2;Comments=http://LibreCrypt.eu</VerInfo_Keys>
			<Debugger_RunParams>/dev_menu /no_exit</Debugger_RunParams>
			<DCC_ExeOutput>..\..\..\..\bin\PC\</DCC_ExeOutput>
			<DCC_DcuOutput>P:\src\PC\gui\explorer\dcus\$(Config)\$(Platform)</DCC_DcuOutput>
			<CfgDependentOn>..\6p1.optset</CfgDependentOn>
		</PropertyGroup>
		<PropertyGroup Condition="'$(Cfg_2)'!=''">
			<VerInfo_Debug>true</VerInfo_Debug>
			<DCC_RangeChecking>true</DCC_RangeChecking>
			<DCC_IntegerOverflowCheck>true</DCC_IntegerOverflowCheck>
			<DCC_Optimize>false</DCC_Optimize>
			<DCC_DebugDCUs>true</DCC_DebugDCUs>
			<DCC_GenerateStackFrames>true</DCC_GenerateStackFrames>
			<Version>7.0</Version>
			<DCC_Define>DEBUG;FullDebugMode;LogMemoryLeakDetailToFile;$(DCC_Define)</DCC_Define>
		</PropertyGroup>
		<PropertyGroup Condition="'$(Cfg_2_Win64)'!=''">
			<VerInfo_Keys>CompanyName=;FileDescription=;FileVersion=1.0.0.0;InternalName=;LegalCopyright=;LegalTrademarks=;OriginalFilename=;ProductName=;ProductVersion=1.0.0.0;Comments=</VerInfo_Keys>
			<VerInfo_Locale>1033</VerInfo_Locale>
			<Manifest_File>$(BDS)\bin\default_app.manifest</Manifest_File>
		</PropertyGroup>
		<PropertyGroup Condition="'$(Cfg_2_Win32)'!=''">
			<DCC_IMPLICIT_STRING_CAST>false</DCC_IMPLICIT_STRING_CAST>
			<Debugger_RunParams>/dev_menu /noexit</Debugger_RunParams>
			<Manifest_File>$(BDS)\bin\default_app.manifest</Manifest_File>
			<VerInfo_Keys>CompanyName=LibreCrypt;FileDescription=LibreCrypt Explorer;FileVersion=6.2.0.0;InternalName=;LegalCopyright=;LegalTrademarks=LibreCrypt;OriginalFilename=;ProductName=LibreCrypt Explorer;ProductVersion=;Comments=</VerInfo_Keys>
			<VerInfo_Locale>1033</VerInfo_Locale>
			<DCC_ExeOutput>..\..\..\..\bin\PC\$(Config)\$(Platform)</DCC_ExeOutput>
			<DCC_DcuOutput>P:\src\PC\gui\explorer\dcus\$(Config)\$(Platform)</DCC_DcuOutput>
		</PropertyGroup>
		<ProjectExtensions>
			<Borland.Personality>Delphi.Personality.12</Borland.Personality>
			<Borland.ProjectType/>
			<BorlandProject>
				<Delphi.Personality>
					<Parameters>
						<Parameters Name="UseLauncher">False</Parameters>
						<Parameters Name="LoadAllSymbols">True</Parameters>
						<Parameters Name="LoadUnspecifiedSymbols">False</Parameters>
					</Parameters>
					<VersionInfo>
						<VersionInfo Name="IncludeVerInfo">True</VersionInfo>
						<VersionInfo Name="AutoIncBuild">False</VersionInfo>
						<VersionInfo Name="MajorVer">3</VersionInfo>
						<VersionInfo Name="MinorVer">51</VersionInfo>
						<VersionInfo Name="Release">0</VersionInfo>
						<VersionInfo Name="Build">0</VersionInfo>
						<VersionInfo Name="Debug">False</VersionInfo>
						<VersionInfo Name="PreRelease">False</VersionInfo>
						<VersionInfo Name="Special">False</VersionInfo>
						<VersionInfo Name="Private">False</VersionInfo>
						<VersionInfo Name="DLL">False</VersionInfo>
						<VersionInfo Name="Locale">2057</VersionInfo>
						<VersionInfo Name="CodePage">1252</VersionInfo>
					</VersionInfo>
					<VersionInfoKeys>
						<VersionInfoKeys Name="CompanyName">Sarah Dean</VersionInfoKeys>
						<VersionInfoKeys Name="FileDescription">FreeOTFE Explorer</VersionInfoKeys>
						<VersionInfoKeys Name="FileVersion">3.51.0.0</VersionInfoKeys>
						<VersionInfoKeys Name="InternalName">FreeOTFE Explorer</VersionInfoKeys>
						<VersionInfoKeys Name="LegalCopyright">Copyright (C) 2010 Sarah Dean</VersionInfoKeys>
						<VersionInfoKeys Name="LegalTrademarks"/>
						<VersionInfoKeys Name="OriginalFilename">FreeOTFEExplorer.exe</VersionInfoKeys>
						<VersionInfoKeys Name="ProductName">FreeOTFE Explorer</VersionInfoKeys>
						<VersionInfoKeys Name="ProductVersion">3.51</VersionInfoKeys>
						<VersionInfoKeys Name="Comments">http://www.FreeOTFE.org/</VersionInfoKeys>
					</VersionInfoKeys>
					<Source>
						<Source Name="MainSource">LibreCryptExplorer.dpr</Source>
					</Source>
					<Excluded_Packages>
						<Excluded_Packages Name="$(BDSBIN)\dclofficexp160.bpl">Microsoft Office XP Sample Automation Server Wrapper Components</Excluded_Packages>
						<Excluded_Packages Name="C:\Users\Public\Documents\RAD Studio\9.0\Bpl\PBPreview_pack.bpl">(untitled)</Excluded_Packages>
						<Excluded_Packages Name="C:\Program Files (x86)\FastReports\LibD16\dclfrxDB16.bpl">FastReport 4.0 DB Components</Excluded_Packages>
						<Excluded_Packages Name="$(BDSBIN)\dcloffice2k160.bpl">Microsoft Office 2000 Sample Automation Server Wrapper Components</Excluded_Packages>
					</Excluded_Packages>
				</Delphi.Personality>
				<Platforms>
					<Platform value="Win64">True</Platform>
					<Platform value="Win32">True</Platform>
				</Platforms>
				<ModelSupport>False</ModelSupport>
			</BorlandProject>
			<ProjectFileVersion>12</ProjectFileVersion>
		</ProjectExtensions>
		<Import Project="$(BDS)\Bin\CodeGear.Delphi.Targets"/>
		<ItemGroup>
			<DelphiCompile Include="$(MainSource)">
				<MainSource>MainSource</MainSource>
			</DelphiCompile>
			<DCCReference Include="frmExplorerMain.pas">
				<Form>frmExplorerMain</Form>
			</DCCReference>
			<DCCReference Include="frmNewDirDlg.pas">
				<Form>frmNewDirDlg</Form>
			</DCCReference>
			<DCCReference Include="frmProperties.pas">
				<Form>frmPropertiesDialog_Base</Form>
			</DCCReference>
			<DCCReference Include="..\common\frmAbout.pas">
				<Form>frmAbout</Form>
			</DCCReference>
			<DCCReference Include="..\common\CommonSettings.pas"/>
			<DCCReference Include="ExplorerSettings.pas"/>
			<DCCReference Include="..\common\frmHdrBackupRestore.pas">
				<Form>frmCDBBackupRestore</Form>
			</DCCReference>
			<DCCReference Include="..\common\frmInstallOnUSBDrive.pas">
				<Form>frmInstallOnUSBDrive</Form>
			</DCCReference>
			<DCCReference Include="..\common\frmHashReport.pas">
				<Form>frmGridReport_Hash</Form>
			</DCCReference>
			<DCCReference Include="..\common\frmGridReport.pas">
				<Form>frmGridReport</Form>
			</DCCReference>
			<DCCReference Include="..\common\frmCypherReport.pas">
				<Form>frmGridReport_Cypher</Form>
			</DCCReference>
			<DCCReference Include="frmFileProperties.pas">
				<Form>frmPropertiesDialog_File</Form>
			</DCCReference>
			<DCCReference Include="frmDirProperties.pas">
				<Form>frmPropertiesDialog_Directory</Form>
			</DCCReference>
			<DCCReference Include="frmMultipleProperties.pas">
				<Form>frmPropertiesDialog_Multiple</Form>
			</DCCReference>
			<DCCReference Include="..\common\frmCommonOptions.pas">
				<Form>frmOptions</Form>
			</DCCReference>
			<DCCReference Include="frmExplorerOptions.pas">
				<Form>frmOptions_FreeOTFEExplorer</Form>
			</DCCReference>
			<DCCReference Include="..\common\frmVersionCheck.pas">
				<Form>frmVersionCheck</Form>
			</DCCReference>
			<DCCReference Include="..\common\CommonConsts.pas"/>
			<DCCReference Include="frmSelectDirectory.pas">
				<Form>frmSelectDirectoryDlg</Form>
			</DCCReference>
			<DCCReference Include="frmVolumeProperties.pas">
				<Form>frmPropertiesDialog_Volume</Form>
			</DCCReference>
			<DCCReference Include="frmOverwritePrompt.pas">
				<Form>frmOverwritePrompt</Form>
			</DCCReference>
			<DCCReference Include="frmSelectCopyOrMove.pas">
				<Form>frmSelectCopyOrMove</Form>
			</DCCReference>
			<DCCReference Include="..\common\frmLUKSHdrDump.pas">
				<Form>frmCDBDump_LUKS</Form>
			</DCCReference>
			<DCCReference Include="..\common\frmHdrDump.pas">
				<Form>frmCDBDump_Base</Form>
			</DCCReference>
			<DCCReference Include="..\common\frmFreeOTFEHdrDump.pas">
				<Form>frmCDBDump_FreeOTFE</Form>
			</DCCReference>
			<DCCReference Include="CheckFilesystem.pas"/>
			<DCCReference Include="..\common\SDUForms.pas">
				<Form>SDUForm</Form>
			</DCCReference>
			<DCCReference Include="..\common\SDUFrames.pas">
				<Form>SDUFrame</Form>
				<DesignClass>TFrame</DesignClass>
			</DCCReference>
			<DCCReference Include="..\common\OTFE\OTFEFreeOTFE\frmWizard.pas">
				<Form>frmWizard</Form>
			</DCCReference>
			<DCCReference Include="..\common\OTFE\OTFEFreeOTFE\frmWizardChangePasswordCreateKeyfile.pas">
				<Form>frmWizardChangePasswordCreateKeyfile</Form>
			</DCCReference>
			<DCCReference Include="..\common\SDeanUtils\dlgProgress.pas">
				<Form>SDUProgressDialog</Form>
			</DCCReference>
			<DCCReference Include="..\common\SDeanUtils\SDUDiskPropertiesDlg.pas">
				<Form>SDUDiskPropertiesDialog</Form>
			</DCCReference>
			<DCCReference Include="..\common\SDeanUtils\SDUFilenameEdit_U.pas">
				<Form>SDUFilenameEdit</Form>
				<DesignClass>TFrame</DesignClass>
			</DCCReference>
			<DCCReference Include="..\common\SDeanUtils\SDUPartitionPropertiesDlg.pas">
				<Form>SDUPartitionPropertiesDialog</Form>
			</DCCReference>
			<DCCReference Include="..\common\Filesystem\SDFATBootSectorPropertiesDlg.pas">
				<Form>SDFATBootSectorPropertiesDialog</Form>
			</DCCReference>
			<DCCReference Include="..\common\Filesystem\SDFilesystemCtrls_ColDetails.pas">
				<Form>SDFilesystemListView_ColDetails</Form>
			</DCCReference>
			<DCCReference Include="..\common\SDeanUtils\SDUAboutDlg.pas">
				<Form>SDUAboutDialog</Form>
			</DCCReference>
			<DCCReference Include="..\common\SDeanUtils\SDUMRUList.pas"/>
			<DCCReference Include="..\common\SDeanUtils\SDURegistry.pas"/>
			<DCCReference Include="..\common\SDeanUtils\SDUGeneral.pas"/>
			<DCCReference Include="..\common\Filesystem\SDFilesystem_FAT.pas"/>
			<DCCReference Include="..\common\SDeanUtils\SDUWebDav.pas"/>
			<DCCReference Include="..\common\SDeanUtils\SDUHTTPServer.pas"/>
			<DCCReference Include="..\common\OTFE\OTFEFreeOTFE\frmKeyEntryFreeOTFE.pas">
				<Form>frmKeyEntryFreeOTFE</Form>
			</DCCReference>
			<DCCReference Include="..\common\OTFE\OTFEFreeOTFE\frmKeyEntryLUKS.pas">
				<Form>frmKeyEntryLUKS</Form>
			</DCCReference>
			<DCCReference Include="..\common\OTFE\OTFEFreeOTFE\frmKeyEntryLinux.pas">
				<Form>frmKeyEntryPlainLinux</Form>
			</DCCReference>
			<DCCReference Include="..\common\OTFE\OTFEFreeOTFE\frmNewVolumeSize.pas">
				<Form>frmNewVolumeSize</Form>
			</DCCReference>
			<DCCReference Include="..\common\OTFE\OTFEFreeOTFE\OTFEFreeOTFE_U.pas"/>
			<DCCReference Include="..\common\OTFE\OTFEFreeOTFEBase_U.pas"/>
			<DCCReference Include="..\common\OTFE\OTFEFreeOTFE\DriverControl.pas"/>
			<DCCReference Include="..\main\MainSettings.pas"/>
			<DCCReference Include="..\common\SDeanUtils\fmeSDUBlocks.pas">
				<Form>SDUBlocksPanel</Form>
				<DesignClass>TFrame</DesignClass>
			</DCCReference>
			<DCCReference Include="..\common\SDeanUtils\fmeSDUDiskPartitions.pas">
				<Form>fmeSDUDiskPartitions</Form>
				<DesignClass>TFrame</DesignClass>
			</DCCReference>
			<DCCReference Include="..\common\OTFE\OTFEFreeOTFE\PKCS11Lib.pas"/>
			<DCCReference Include="..\common\OTFE\OTFEFreeOTFE\fmeVolumeSelect.pas">
				<Form>OTFEFreeOTFEVolumeSelect</Form>
				<DesignClass>TFrame</DesignClass>
			</DCCReference>
			<DCCReference Include="..\common\OTFE\SDURandPool.pas"/>
			<DCCReference Include="..\common\SDeanUtils\SDUWinHTTP.pas"/>
			<DCCReference Include="..\common\SDeanUtils\SDUWinHttp_API.pas"/>
			<DCCReference Include="..\common\SDeanUtils\SDUi18n.pas"/>
			<DCCReference Include="..\common\SDeanUtils\SDUGraphics.pas"/>
			<DCCReference Include="..\common\SDeanUtils\SDUWindows64.pas"/>
			<DCCReference Include="..\common\SDeanUtils\SDUWindows.pas"/>
			<DCCReference Include="..\common\SDeanUtils\SDUClasses.pas"/>
			<DCCReference Include="..\common\SDeanUtils\SDUDirIterator_U.pas"/>
			<DCCReference Include="ExplorerWebDAV.pas"/>
			<DCCReference Include="..\common\OTFE\OTFEFreeOTFE\frmHashInfo.pas">
				<Form>frmHashInfo</Form>
			</DCCReference>
			<DCCReference Include="..\common\OTFE\OTFEFreeOTFE\frmCypherInfo.pas">
				<Form>frmCypherInfo</Form>
			</DCCReference>
			<DCCReference Include="..\common\OTFE\OTFEFreeOTFE\frmDriverControl.pas">
				<Form>frmDriverControl</Form>
			</DCCReference>
			<DCCReference Include="..\common\OTFE\OTFEFreeOTFE\fmeSelectPartition.pas">
				<Form>fmeSelectPartition</Form>
				<DesignClass>TFrame</DesignClass>
			</DCCReference>
			<DCCReference Include="..\common\OTFE\OTFEFreeOTFE\frmSelectPartition.pas">
				<Form>frmSelectPartition</Form>
			</DCCReference>
			<DCCReference Include="..\common\OTFE\OTFEFreeOTFE\frmUserSelectPartitionSimple.pas">
				<Form>frmUserSelectPartitionSimple</Form>
			</DCCReference>
			<DCCReference Include="..\common\OTFE\OTFEFreeOTFE\frmPKCS11Management.pas">
				<Form>frmPKCS11Management</Form>
			</DCCReference>
			<DCCReference Include="..\common\OTFE\OTFEFreeOTFE\frmPKCS11NewSecretKey.pas">
				<Form>frmPKCS11NewSecretKey</Form>
			</DCCReference>
			<DCCReference Include="..\common\OTFE\OTFEFreeOTFE\frmPKCS11Session.pas">
				<Form>frmPKCS11Session</Form>
			</DCCReference>
			<DCCReference Include="..\common\OTFE\OTFEFreeOTFE\fmePKCS11_MgrBase.pas">
				<Form>fmePKCS11_MgrBase</Form>
				<DesignClass>TFrame</DesignClass>
			</DCCReference>
			<DCCReference Include="..\common\OTFE\OTFEFreeOTFE\fmePKCS11_MgrKeyfile.pas">
				<Form>fmePKCS11_MgrKeyfile</Form>
				<DesignClass>TFrame</DesignClass>
			</DCCReference>
			<DCCReference Include="..\common\OTFE\OTFEFreeOTFE\fmePKCS11_MgrSecretKey.pas">
				<Form>fmePKCS11_MgrSecretKey</Form>
				<DesignClass>TFrame</DesignClass>
			</DCCReference>
			<DCCReference Include="..\common\OTFE\OTFEFreeOTFE\frmSelectHashCypher.pas">
				<Form>frmSelectHashCypher</Form>
			</DCCReference>
			<DCCReference Include="..\common\OTFE\OTFEFreeOTFE\frmSelectVolumeAndOffset.pas"/>
			<DCCReference Include="..\common\SDeanSecurity\MouseRNGDialog\MouseRNGCaptureDlg_U.pas">
				<Form>MouseRNGCaptureDlg</Form>
			</DCCReference>
			<DCCReference Include="..\common\SDeanSecurity\MouseRNGDialog\MouseRNGDialog_U.pas"/>
			<DCCReference Include="..\common\OTFE\OTFEFreeOTFE\VolumeFileAPI.pas"/>
			<DCCReference Include="..\common\OTFE\OTFE\OTFE_U.pas"/>
			<DCCReference Include="..\common\OTFE\OTFEFreeOTFE\OTFEFreeOTFEDLL_U.pas"/>
			<DCCReference Include="..\common\OTFE\OTFEFreeOTFE\frmCreateFreeOTFEVolume.pas">
				<Form>frmCreateFreeOTFEVolume</Form>
			</DCCReference>
			<DCCReference Include="..\common\SDeanSecurity\PKCS#11\pkcs11_api.pas"/>
			<DCCReference Include="..\common\SDeanSecurity\PKCS#11\pkcs11_attribute.pas"/>
			<DCCReference Include="..\common\SDeanSecurity\PKCS#11\pkcs11_library.pas"/>
			<DCCReference Include="..\common\SDeanSecurity\PKCS#11\pkcs11_mechanism.pas"/>
			<DCCReference Include="..\common\SDeanSecurity\PKCS#11\pkcs11_object.pas"/>
			<DCCReference Include="..\common\SDeanSecurity\PKCS#11\pkcs11_session.pas"/>
			<DCCReference Include="..\common\SDeanSecurity\PKCS#11\pkcs11_slot.pas"/>
			<DCCReference Include="..\common\SDeanSecurity\PKCS#11\pkcs11_slot_event_thread.pas"/>
			<DCCReference Include="..\common\SDeanSecurity\PKCS#11\pkcs11_token.pas"/>
			<DCCReference Include="..\common\SDeanSecurity\PKCS#11\pkcs11f.pas"/>
			<DCCReference Include="..\common\SDeanSecurity\PKCS#11\PKCS11KnownLibs.pas"/>
			<DCCReference Include="..\common\SDeanSecurity\PKCS#11\PKCS11LibrarySelectDlg.pas">
				<Form>PKCS11LibrarySelectDialog</Form>
			</DCCReference>
			<DCCReference Include="..\common\SDeanSecurity\PKCS#11\pkcs11t.pas"/>
			<DCCReference Include="..\common\SDeanSecurity\MSCryptoAPI\MSCryptoAPI.pas"/>
			<DCCReference Include="..\common\OTFE\OTFEFreeOTFE\DriverAPI.pas"/>
			<DCCReference Include="..\common\SDeanUtils\SDUEndianIntegers.pas"/>
			<DCCReference Include="..\common\OTFE\OTFEFreeOTFE\cryptlib.pas"/>
			<DCCReference Include="..\common\OTFE\OTFEFreeOTFE\FreeOTFEDLLMainAPI.pas"/>
			<DCCReference Include="..\common\OTFE\OTFEFreeOTFE\FreeOTFEDLLHashAPI.pas"/>
			<DCCReference Include="..\common\OTFE\OTFEFreeOTFE\FreeOTFEDLLCypherAPI.pas"/>
			<DCCReference Include="..\common\Filesystem\SDFilesystem.pas"/>
			<DCCReference Include="..\common\Filesystem\SDPartitionImage.pas"/>
			<DCCReference Include="..\common\Filesystem\SDPartitionImage_File.pas"/>
			<DCCReference Include="..\common\OTFE\OTFEFreeOTFE\fmeLUKSKeyOrKeyfileEntry.pas">
				<Form>frmeLUKSKeyOrKeyfileEntry</Form>
				<DesignClass>TFrame</DesignClass>
			</DCCReference>
			<DCCReference Include="..\common\lcConsts.pas"/>
			<DCCReference Include="..\common\OTFE\OTFEFreeOTFE\PartitionImageDLL.pas"/>
			<DCCReference Include="..\common\OTFE\OTFE\OTFEConsts_U.pas"/>
			<DCCReference Include="..\common\SDeanSecurity\Shredder\Shredder.pas"/>
			<DCCReference Include="..\common\SDeanSecurity\Shredder\frmFileList.pas">
				<Form>frmFileList</Form>
			</DCCReference>
			<DCCReference Include="..\common\OTFE\OTFEFreeOTFE\FreeOTFECypherDriverAPI.pas"/>
			<DCCReference Include="..\common\OTFE\OTFEFreeOTFE\FreeOTFEHashDriverAPI.pas"/>
			<DCCReference Include="..\common\OTFE\OTFEFreeOTFE\OTFEFreeOTFE_LUKSAPI.pas"/>
			<DCCReference Include="..\common\OTFE\AFSplitMerge.pas"/>
			<DCCReference Include="..\common\OTFE\OTFEFreeOTFE\frmSelectVolumeType.pas">
				<Form>frmSelectVolumeType</Form>
			</DCCReference>
			<DCCReference Include="..\main\frmCreateLUKSVolumeWizard.pas">
				<Form>frmCreateLUKSVolumeWizard</Form>
			</DCCReference>
			<DCCReference Include="P:\tools\gnugettext.pas"/>
			<BuildConfiguration Include="Debug">
				<Key>Cfg_2</Key>
				<CfgParent>Base</CfgParent>
			</BuildConfiguration>
			<BuildConfiguration Include="Base">
				<Key>Base</Key>
			</BuildConfiguration>
			<BuildConfiguration Include="Release">
				<Key>Cfg_1</Key>
				<CfgParent>Base</CfgParent>
			</BuildConfiguration>
		</ItemGroup>
		<Import Condition="Exists('$(APPDATA)\Embarcadero\$(BDSAPPDATABASEDIR)\$(PRODUCTVERSION)\UserTools.proj')" Project="$(APPDATA)\Embarcadero\$(BDSAPPDATABASEDIR)\$(PRODUCTVERSION)\UserTools.proj"/>
	</Project>
