
Microsoft Visual Studio Solution File, Format Version 10.00
# Visual Studio 2008
Project("{8BC9CEB8-8B4A-11D0-8D11-00A0C91BC942}") = "GUI", "gui\gui.vcproj", "{E98E9DA9-8C80-4EA0-A69B-501E97EA1F03}"
EndProject
Project("{8BC9CEB8-8B4A-11D0-8D11-00A0C91BC942}") = "DRIVER", "drivers\DRIVER\DRIVER.vcproj", "{CAC0DBAC-4CD2-432D-9E38-E77467661CAF}"
EndProject
Project("{8BC9CEB8-8B4A-11D0-8D11-00A0C91BC942}") = "CYPHER_AES_Gladman", "drivers\CYPHER_DRIVERS\CYPHER_AES_Gladman\CYPHER_AES_Gladman.vcproj", "{6752699F-C8BC-4118-9EAB-4CD5FEAFBA0D}"
EndProject
Project("{8BC9CEB8-8B4A-11D0-8D11-00A0C91BC942}") = "CYPHER_AES_ltc", "drivers\CYPHER_DRIVERS\CYPHER_AES_ltc\CYPHER_AES_ltc.vcproj", "{6752699F-C8BC-4118-9EAB-4CD5FEAFB926}"
EndProject
Project("{8BC9CEB8-8B4A-11D0-8D11-00A0C91BC942}") = "CYPHER_BLOWFISH", "drivers\CYPHER_DRIVERS\CYPHER_BLOWFISH\CYPHER_BLOWFISH.vcproj", "{6752699F-C8BC-4118-9EAB-4CD5FEAFBA03}"
EndProject
Project("{8BC9CEB8-8B4A-11D0-8D11-00A0C91BC942}") = "CYPHER_CAST6_Gladman", "drivers\CYPHER_DRIVERS\CYPHER_CAST6_Gladman\CYPHER_CAST6_Gladman.vcproj", "{6752699F-C8BC-4118-9EAB-4CD5FEAFBA0C}"
EndProject
Project("{8BC9CEB8-8B4A-11D0-8D11-00A0C91BC942}") = "CYPHER_CAST5", "drivers\CYPHER_DRIVERS\CYPHER_CAST5\CYPHER_CAST5.vcproj", "{6752699F-C8BC-4118-9EAB-4CD5FEAFBA04}"
EndProject
Project("{8BC9CEB8-8B4A-11D0-8D11-00A0C91BC942}") = "CYPHER_DES", "drivers\CYPHER_DRIVERS\CYPHER_DES\CYPHER_DES.vcproj", "{6752699F-C8BC-4118-9EAB-4CD5FEAFBA05}"
EndProject
Project("{8BC9CEB8-8B4A-11D0-8D11-00A0C91BC942}") = "CYPHER_MARS_Gladman", "drivers\CYPHER_DRIVERS\CYPHER_MARS_Gladman\CYPHER_MARS_Gladman.vcproj", "{6752699F-C8BC-4118-9EAB-4CD5FEAFBA09}"
EndProject
Project("{8BC9CEB8-8B4A-11D0-8D11-00A0C91BC942}") = "CYPHER_NULL", "drivers\CYPHER_DRIVERS\CYPHER_NULL\CYPHER_NULL.vcproj", "{6752699F-C8BC-4118-9EAB-4CD5FEAFBA10}"
EndProject
Project("{8BC9CEB8-8B4A-11D0-8D11-00A0C91BC942}") = "CYPHER_RC6_Gladman", "drivers\CYPHER_DRIVERS\CYPHER_RC6_Gladman\CYPHER_RC6_Gladman.vcproj", "{6752699F-C8BC-4118-9EAB-4CD5FEAFBA0A}"
EndProject
Project("{8BC9CEB8-8B4A-11D0-8D11-00A0C91BC942}") = "CYPHER_RC6_ltc", "drivers\CYPHER_DRIVERS\CYPHER_RC6_ltc\CYPHER_RC6_ltc.vcproj", "{6752699F-C8BC-4118-9EAB-4CD5FEAFBA01}"
EndProject
Project("{8BC9CEB8-8B4A-11D0-8D11-00A0C91BC942}") = "CYPHER_SERPENT_Gladman", "drivers\CYPHER_DRIVERS\CYPHER_SERPENT_Gladman\CYPHER_SERPENT_Gladman.vcproj", "{6752699F-C8BC-4118-9EAB-4CD5FEAFBA0B}"
EndProject
Project("{8BC9CEB8-8B4A-11D0-8D11-00A0C91BC942}") = "CYPHER_TWOFISH_Gladman", "drivers\CYPHER_DRIVERS\CYPHER_TWOFISH_Gladman\CYPHER_TWOFISH_Gladman.vcproj", "{6752699F-C8BC-4118-9EAB-4CD5FEAFBA08}"
EndProject
Project("{8BC9CEB8-8B4A-11D0-8D11-00A0C91BC942}") = "CYPHER_TWOFISH_HifnCS", "drivers\CYPHER_DRIVERS\CYPHER_TWOFISH_HifnCS\CYPHER_TWOFISH_HifnCS.vcproj", "{6752699F-C8BC-4118-9EAB-4CD5FEAFBA0E}"
EndProject
Project("{8BC9CEB8-8B4A-11D0-8D11-00A0C91BC942}") = "CYPHER_TWOFISH_ltc", "drivers\CYPHER_DRIVERS\CYPHER_TWOFISH_ltc\CYPHER_TWOFISH_ltc.vcproj", "{6752699F-C8BC-4118-9EAB-4CD5FEAFBA02}"
EndProject
Project("{8BC9CEB8-8B4A-11D0-8D11-00A0C91BC942}") = "CYPHER_XOR", "drivers\CYPHER_DRIVERS\CYPHER_XOR\CYPHER_XOR.vcproj", "{6752699F-C8BC-4118-9EAB-4CD5FEAFBA0F}"
EndProject
Project("{8BC9CEB8-8B4A-11D0-8D11-00A0C91BC942}") = "HASH_MD", "drivers\HASH_DRIVERS\HASH_MD\HASH_MD.vcproj", "{9E930741-B728-4984-8AD9-570375AFA71F}"
EndProject
Project("{8BC9CEB8-8B4A-11D0-8D11-00A0C91BC942}") = "HASH_NULL", "drivers\HASH_DRIVERS\HASH_NULL\HASH_NULL.vcproj", "{9E930741-B728-4984-8AD9-570375AFA720}"
EndProject
Project("{8BC9CEB8-8B4A-11D0-8D11-00A0C91BC942}") = "HASH_RIPEMD", "drivers\HASH_DRIVERS\HASH_RIPEMD\HASH_RIPEMD.vcproj", "{9E930741-B728-4984-8AD9-570375AFA721}"
EndProject
Project("{8BC9CEB8-8B4A-11D0-8D11-00A0C91BC942}") = "HASH_SHA", "drivers\HASH_DRIVERS\HASH_SHA\HASH_SHA.vcproj", "{9E930741-B728-4984-8AD9-570375AFA71E}"
EndProject
Project("{8BC9CEB8-8B4A-11D0-8D11-00A0C91BC942}") = "HASH_TIGER", "drivers\HASH_DRIVERS\HASH_TIGER\HASH_TIGER.vcproj", "{9E930741-B728-4984-8AD9-570375AFA722}"
EndProject
Project("{8BC9CEB8-8B4A-11D0-8D11-00A0C91BC942}") = "HASH_WHIRLPOOL", "drivers\HASH_DRIVERS\HASH_WHIRLPOOL\HASH_WHIRLPOOL.vcproj", "{9E930741-B728-4984-8AD9-570375AFA723}"
EndProject
Global
	GlobalSection(SolutionConfigurationPlatforms) = preSolution
		Debug|Pocket PC 2003 (ARMV4) = Debug|Pocket PC 2003 (ARMV4)
		Debug|Smartphone 2003 (ARMV4) = Debug|Smartphone 2003 (ARMV4)
		Debug|Win32 = Debug|Win32
		Release|Pocket PC 2003 (ARMV4) = Release|Pocket PC 2003 (ARMV4)
		Release|Smartphone 2003 (ARMV4) = Release|Smartphone 2003 (ARMV4)
		Release|Win32 = Release|Win32
	EndGlobalSection
	GlobalSection(ProjectConfigurationPlatforms) = postSolution
		{E98E9DA9-8C80-4EA0-A69B-501E97EA1F03}.Debug|Pocket PC 2003 (ARMV4).ActiveCfg = Debug|Pocket PC 2003 (ARMV4)
		{E98E9DA9-8C80-4EA0-A69B-501E97EA1F03}.Debug|Pocket PC 2003 (ARMV4).Build.0 = Debug|Pocket PC 2003 (ARMV4)
		{E98E9DA9-8C80-4EA0-A69B-501E97EA1F03}.Debug|Pocket PC 2003 (ARMV4).Deploy.0 = Debug|Pocket PC 2003 (ARMV4)
		{E98E9DA9-8C80-4EA0-A69B-501E97EA1F03}.Debug|Smartphone 2003 (ARMV4).ActiveCfg = Debug|Smartphone 2003 (ARMV4)
		{E98E9DA9-8C80-4EA0-A69B-501E97EA1F03}.Debug|Smartphone 2003 (ARMV4).Build.0 = Debug|Smartphone 2003 (ARMV4)
		{E98E9DA9-8C80-4EA0-A69B-501E97EA1F03}.Debug|Smartphone 2003 (ARMV4).Deploy.0 = Debug|Smartphone 2003 (ARMV4)
		{E98E9DA9-8C80-4EA0-A69B-501E97EA1F03}.Release|Pocket PC 2003 (ARMV4).ActiveCfg = Release|Pocket PC 2003 (ARMV4)
		{E98E9DA9-8C80-4EA0-A69B-501E97EA1F03}.Release|Pocket PC 2003 (ARMV4).Build.0 = Release|Pocket PC 2003 (ARMV4)
		{E98E9DA9-8C80-4EA0-A69B-501E97EA1F03}.Release|Pocket PC 2003 (ARMV4).Deploy.0 = Release|Pocket PC 2003 (ARMV4)
		{E98E9DA9-8C80-4EA0-A69B-501E97EA1F03}.Release|Smartphone 2003 (ARMV4).ActiveCfg = Release|Smartphone 2003 (ARMV4)
		{E98E9DA9-8C80-4EA0-A69B-501E97EA1F03}.Release|Smartphone 2003 (ARMV4).Build.0 = Release|Smartphone 2003 (ARMV4)
		{E98E9DA9-8C80-4EA0-A69B-501E97EA1F03}.Release|Smartphone 2003 (ARMV4).Deploy.0 = Release|Smartphone 2003 (ARMV4)
		{CAC0DBAC-4CD2-432D-9E38-E77467661CAF}.Debug|Pocket PC 2003 (ARMV4).ActiveCfg = Debug|Pocket PC 2003 (ARMV4)
		{CAC0DBAC-4CD2-432D-9E38-E77467661CAF}.Debug|Pocket PC 2003 (ARMV4).Build.0 = Debug|Pocket PC 2003 (ARMV4)
		{CAC0DBAC-4CD2-432D-9E38-E77467661CAF}.Debug|Pocket PC 2003 (ARMV4).Deploy.0 = Debug|Pocket PC 2003 (ARMV4)
		{CAC0DBAC-4CD2-432D-9E38-E77467661CAF}.Debug|Smartphone 2003 (ARMV4).ActiveCfg = Debug|Smartphone 2003 (ARMV4)
		{CAC0DBAC-4CD2-432D-9E38-E77467661CAF}.Debug|Smartphone 2003 (ARMV4).Build.0 = Debug|Smartphone 2003 (ARMV4)
		{CAC0DBAC-4CD2-432D-9E38-E77467661CAF}.Debug|Smartphone 2003 (ARMV4).Deploy.0 = Debug|Smartphone 2003 (ARMV4)
		{CAC0DBAC-4CD2-432D-9E38-E77467661CAF}.Debug|Win32.ActiveCfg = Debug|Win32
		{CAC0DBAC-4CD2-432D-9E38-E77467661CAF}.Debug|Win32.Build.0 = Debug|Win32
		{CAC0DBAC-4CD2-432D-9E38-E77467661CAF}.Release|Pocket PC 2003 (ARMV4).ActiveCfg = Release|Pocket PC 2003 (ARMV4)
		{CAC0DBAC-4CD2-432D-9E38-E77467661CAF}.Release|Pocket PC 2003 (ARMV4).Build.0 = Release|Pocket PC 2003 (ARMV4)
		{CAC0DBAC-4CD2-432D-9E38-E77467661CAF}.Release|Pocket PC 2003 (ARMV4).Deploy.0 = Release|Pocket PC 2003 (ARMV4)
		{CAC0DBAC-4CD2-432D-9E38-E77467661CAF}.Release|Smartphone 2003 (ARMV4).ActiveCfg = Release|Smartphone 2003 (ARMV4)
		{CAC0DBAC-4CD2-432D-9E38-E77467661CAF}.Release|Smartphone 2003 (ARMV4).Build.0 = Release|Smartphone 2003 (ARMV4)
		{CAC0DBAC-4CD2-432D-9E38-E77467661CAF}.Release|Smartphone 2003 (ARMV4).Deploy.0 = Release|Smartphone 2003 (ARMV4)
		{CAC0DBAC-4CD2-432D-9E38-E77467661CAF}.Release|Win32.ActiveCfg = Release|Win32
		{CAC0DBAC-4CD2-432D-9E38-E77467661CAF}.Release|Win32.Build.0 = Release|Win32
		{6752699F-C8BC-4118-9EAB-4CD5FEAFBA0D}.Debug|Pocket PC 2003 (ARMV4).ActiveCfg = Debug|Pocket PC 2003 (ARMV4)
		{6752699F-C8BC-4118-9EAB-4CD5FEAFBA0D}.Debug|Pocket PC 2003 (ARMV4).Build.0 = Debug|Pocket PC 2003 (ARMV4)
		{6752699F-C8BC-4118-9EAB-4CD5FEAFBA0D}.Debug|Pocket PC 2003 (ARMV4).Deploy.0 = Debug|Pocket PC 2003 (ARMV4)
		{6752699F-C8BC-4118-9EAB-4CD5FEAFBA0D}.Debug|Smartphone 2003 (ARMV4).ActiveCfg = Debug|Smartphone 2003 (ARMV4)
		{6752699F-C8BC-4118-9EAB-4CD5FEAFBA0D}.Debug|Smartphone 2003 (ARMV4).Build.0 = Debug|Smartphone 2003 (ARMV4)
		{6752699F-C8BC-4118-9EAB-4CD5FEAFBA0D}.Debug|Smartphone 2003 (ARMV4).Deploy.0 = Debug|Smartphone 2003 (ARMV4)
		{6752699F-C8BC-4118-9EAB-4CD5FEAFBA0D}.Debug|Win32.ActiveCfg = Debug|Win32
		{6752699F-C8BC-4118-9EAB-4CD5FEAFBA0D}.Debug|Win32.Build.0 = Debug|Win32
		{6752699F-C8BC-4118-9EAB-4CD5FEAFBA0D}.Release|Pocket PC 2003 (ARMV4).ActiveCfg = Release|Pocket PC 2003 (ARMV4)
		{6752699F-C8BC-4118-9EAB-4CD5FEAFBA0D}.Release|Pocket PC 2003 (ARMV4).Build.0 = Release|Pocket PC 2003 (ARMV4)
		{6752699F-C8BC-4118-9EAB-4CD5FEAFBA0D}.Release|Pocket PC 2003 (ARMV4).Deploy.0 = Release|Pocket PC 2003 (ARMV4)
		{6752699F-C8BC-4118-9EAB-4CD5FEAFBA0D}.Release|Smartphone 2003 (ARMV4).ActiveCfg = Release|Smartphone 2003 (ARMV4)
		{6752699F-C8BC-4118-9EAB-4CD5FEAFBA0D}.Release|Smartphone 2003 (ARMV4).Build.0 = Release|Smartphone 2003 (ARMV4)
		{6752699F-C8BC-4118-9EAB-4CD5FEAFBA0D}.Release|Smartphone 2003 (ARMV4).Deploy.0 = Release|Smartphone 2003 (ARMV4)
		{6752699F-C8BC-4118-9EAB-4CD5FEAFBA0D}.Release|Win32.ActiveCfg = Release|Win32
		{6752699F-C8BC-4118-9EAB-4CD5FEAFBA0D}.Release|Win32.Build.0 = Release|Win32
		{6752699F-C8BC-4118-9EAB-4CD5FEAFB926}.Debug|Pocket PC 2003 (ARMV4).ActiveCfg = Debug|Pocket PC 2003 (ARMV4)
		{6752699F-C8BC-4118-9EAB-4CD5FEAFB926}.Debug|Pocket PC 2003 (ARMV4).Build.0 = Debug|Pocket PC 2003 (ARMV4)
		{6752699F-C8BC-4118-9EAB-4CD5FEAFB926}.Debug|Pocket PC 2003 (ARMV4).Deploy.0 = Debug|Pocket PC 2003 (ARMV4)
		{6752699F-C8BC-4118-9EAB-4CD5FEAFB926}.Debug|Smartphone 2003 (ARMV4).ActiveCfg = Debug|Smartphone 2003 (ARMV4)
		{6752699F-C8BC-4118-9EAB-4CD5FEAFB926}.Debug|Smartphone 2003 (ARMV4).Build.0 = Debug|Smartphone 2003 (ARMV4)
		{6752699F-C8BC-4118-9EAB-4CD5FEAFB926}.Debug|Smartphone 2003 (ARMV4).Deploy.0 = Debug|Smartphone 2003 (ARMV4)
		{6752699F-C8BC-4118-9EAB-4CD5FEAFB926}.Debug|Win32.ActiveCfg = Debug|Win32
		{6752699F-C8BC-4118-9EAB-4CD5FEAFB926}.Debug|Win32.Build.0 = Debug|Win32
		{6752699F-C8BC-4118-9EAB-4CD5FEAFB926}.Release|Pocket PC 2003 (ARMV4).ActiveCfg = Release|Pocket PC 2003 (ARMV4)
		{6752699F-C8BC-4118-9EAB-4CD5FEAFB926}.Release|Pocket PC 2003 (ARMV4).Build.0 = Release|Pocket PC 2003 (ARMV4)
		{6752699F-C8BC-4118-9EAB-4CD5FEAFB926}.Release|Pocket PC 2003 (ARMV4).Deploy.0 = Release|Pocket PC 2003 (ARMV4)
		{6752699F-C8BC-4118-9EAB-4CD5FEAFB926}.Release|Smartphone 2003 (ARMV4).ActiveCfg = Release|Smartphone 2003 (ARMV4)
		{6752699F-C8BC-4118-9EAB-4CD5FEAFB926}.Release|Smartphone 2003 (ARMV4).Build.0 = Release|Smartphone 2003 (ARMV4)
		{6752699F-C8BC-4118-9EAB-4CD5FEAFB926}.Release|Smartphone 2003 (ARMV4).Deploy.0 = Release|Smartphone 2003 (ARMV4)
		{6752699F-C8BC-4118-9EAB-4CD5FEAFB926}.Release|Win32.ActiveCfg = Release|Win32
		{6752699F-C8BC-4118-9EAB-4CD5FEAFB926}.Release|Win32.Build.0 = Release|Win32
		{6752699F-C8BC-4118-9EAB-4CD5FEAFBA03}.Debug|Pocket PC 2003 (ARMV4).ActiveCfg = Debug|Pocket PC 2003 (ARMV4)
		{6752699F-C8BC-4118-9EAB-4CD5FEAFBA03}.Debug|Pocket PC 2003 (ARMV4).Build.0 = Debug|Pocket PC 2003 (ARMV4)
		{6752699F-C8BC-4118-9EAB-4CD5FEAFBA03}.Debug|Pocket PC 2003 (ARMV4).Deploy.0 = Debug|Pocket PC 2003 (ARMV4)
		{6752699F-C8BC-4118-9EAB-4CD5FEAFBA03}.Debug|Smartphone 2003 (ARMV4).ActiveCfg = Debug|Smartphone 2003 (ARMV4)
		{6752699F-C8BC-4118-9EAB-4CD5FEAFBA03}.Debug|Smartphone 2003 (ARMV4).Build.0 = Debug|Smartphone 2003 (ARMV4)
		{6752699F-C8BC-4118-9EAB-4CD5FEAFBA03}.Debug|Smartphone 2003 (ARMV4).Deploy.0 = Debug|Smartphone 2003 (ARMV4)
		{6752699F-C8BC-4118-9EAB-4CD5FEAFBA03}.Debug|Win32.ActiveCfg = Debug|Win32
		{6752699F-C8BC-4118-9EAB-4CD5FEAFBA03}.Debug|Win32.Build.0 = Debug|Win32
		{6752699F-C8BC-4118-9EAB-4CD5FEAFBA03}.Release|Pocket PC 2003 (ARMV4).ActiveCfg = Release|Pocket PC 2003 (ARMV4)
		{6752699F-C8BC-4118-9EAB-4CD5FEAFBA03}.Release|Pocket PC 2003 (ARMV4).Build.0 = Release|Pocket PC 2003 (ARMV4)
		{6752699F-C8BC-4118-9EAB-4CD5FEAFBA03}.Release|Pocket PC 2003 (ARMV4).Deploy.0 = Release|Pocket PC 2003 (ARMV4)
		{6752699F-C8BC-4118-9EAB-4CD5FEAFBA03}.Release|Smartphone 2003 (ARMV4).ActiveCfg = Release|Smartphone 2003 (ARMV4)
		{6752699F-C8BC-4118-9EAB-4CD5FEAFBA03}.Release|Smartphone 2003 (ARMV4).Build.0 = Release|Smartphone 2003 (ARMV4)
		{6752699F-C8BC-4118-9EAB-4CD5FEAFBA03}.Release|Smartphone 2003 (ARMV4).Deploy.0 = Release|Smartphone 2003 (ARMV4)
		{6752699F-C8BC-4118-9EAB-4CD5FEAFBA03}.Release|Win32.ActiveCfg = Release|Win32
		{6752699F-C8BC-4118-9EAB-4CD5FEAFBA03}.Release|Win32.Build.0 = Release|Win32
		{6752699F-C8BC-4118-9EAB-4CD5FEAFBA0C}.Debug|Pocket PC 2003 (ARMV4).ActiveCfg = Debug|Pocket PC 2003 (ARMV4)
		{6752699F-C8BC-4118-9EAB-4CD5FEAFBA0C}.Debug|Pocket PC 2003 (ARMV4).Build.0 = Debug|Pocket PC 2003 (ARMV4)
		{6752699F-C8BC-4118-9EAB-4CD5FEAFBA0C}.Debug|Pocket PC 2003 (ARMV4).Deploy.0 = Debug|Pocket PC 2003 (ARMV4)
		{6752699F-C8BC-4118-9EAB-4CD5FEAFBA0C}.Debug|Smartphone 2003 (ARMV4).ActiveCfg = Debug|Smartphone 2003 (ARMV4)
		{6752699F-C8BC-4118-9EAB-4CD5FEAFBA0C}.Debug|Smartphone 2003 (ARMV4).Build.0 = Debug|Smartphone 2003 (ARMV4)
		{6752699F-C8BC-4118-9EAB-4CD5FEAFBA0C}.Debug|Smartphone 2003 (ARMV4).Deploy.0 = Debug|Smartphone 2003 (ARMV4)
		{6752699F-C8BC-4118-9EAB-4CD5FEAFBA0C}.Debug|Win32.ActiveCfg = Debug|Win32
		{6752699F-C8BC-4118-9EAB-4CD5FEAFBA0C}.Debug|Win32.Build.0 = Debug|Win32
		{6752699F-C8BC-4118-9EAB-4CD5FEAFBA0C}.Release|Pocket PC 2003 (ARMV4).ActiveCfg = Release|Pocket PC 2003 (ARMV4)
		{6752699F-C8BC-4118-9EAB-4CD5FEAFBA0C}.Release|Pocket PC 2003 (ARMV4).Build.0 = Release|Pocket PC 2003 (ARMV4)
		{6752699F-C8BC-4118-9EAB-4CD5FEAFBA0C}.Release|Pocket PC 2003 (ARMV4).Deploy.0 = Release|Pocket PC 2003 (ARMV4)
		{6752699F-C8BC-4118-9EAB-4CD5FEAFBA0C}.Release|Smartphone 2003 (ARMV4).ActiveCfg = Release|Smartphone 2003 (ARMV4)
		{6752699F-C8BC-4118-9EAB-4CD5FEAFBA0C}.Release|Smartphone 2003 (ARMV4).Build.0 = Release|Smartphone 2003 (ARMV4)
		{6752699F-C8BC-4118-9EAB-4CD5FEAFBA0C}.Release|Smartphone 2003 (ARMV4).Deploy.0 = Release|Smartphone 2003 (ARMV4)
		{6752699F-C8BC-4118-9EAB-4CD5FEAFBA0C}.Release|Win32.ActiveCfg = Release|Win32
		{6752699F-C8BC-4118-9EAB-4CD5FEAFBA0C}.Release|Win32.Build.0 = Release|Win32
		{6752699F-C8BC-4118-9EAB-4CD5FEAFBA04}.Debug|Pocket PC 2003 (ARMV4).ActiveCfg = Debug|Pocket PC 2003 (ARMV4)
		{6752699F-C8BC-4118-9EAB-4CD5FEAFBA04}.Debug|Pocket PC 2003 (ARMV4).Build.0 = Debug|Pocket PC 2003 (ARMV4)
		{6752699F-C8BC-4118-9EAB-4CD5FEAFBA04}.Debug|Pocket PC 2003 (ARMV4).Deploy.0 = Debug|Pocket PC 2003 (ARMV4)
		{6752699F-C8BC-4118-9EAB-4CD5FEAFBA04}.Debug|Smartphone 2003 (ARMV4).ActiveCfg = Debug|Smartphone 2003 (ARMV4)
		{6752699F-C8BC-4118-9EAB-4CD5FEAFBA04}.Debug|Smartphone 2003 (ARMV4).Build.0 = Debug|Smartphone 2003 (ARMV4)
		{6752699F-C8BC-4118-9EAB-4CD5FEAFBA04}.Debug|Smartphone 2003 (ARMV4).Deploy.0 = Debug|Smartphone 2003 (ARMV4)
		{6752699F-C8BC-4118-9EAB-4CD5FEAFBA04}.Debug|Win32.ActiveCfg = Debug|Win32
		{6752699F-C8BC-4118-9EAB-4CD5FEAFBA04}.Debug|Win32.Build.0 = Debug|Win32
		{6752699F-C8BC-4118-9EAB-4CD5FEAFBA04}.Release|Pocket PC 2003 (ARMV4).ActiveCfg = Release|Pocket PC 2003 (ARMV4)
		{6752699F-C8BC-4118-9EAB-4CD5FEAFBA04}.Release|Pocket PC 2003 (ARMV4).Build.0 = Release|Pocket PC 2003 (ARMV4)
		{6752699F-C8BC-4118-9EAB-4CD5FEAFBA04}.Release|Pocket PC 2003 (ARMV4).Deploy.0 = Release|Pocket PC 2003 (ARMV4)
		{6752699F-C8BC-4118-9EAB-4CD5FEAFBA04}.Release|Smartphone 2003 (ARMV4).ActiveCfg = Release|Smartphone 2003 (ARMV4)
		{6752699F-C8BC-4118-9EAB-4CD5FEAFBA04}.Release|Smartphone 2003 (ARMV4).Build.0 = Release|Smartphone 2003 (ARMV4)
		{6752699F-C8BC-4118-9EAB-4CD5FEAFBA04}.Release|Smartphone 2003 (ARMV4).Deploy.0 = Release|Smartphone 2003 (ARMV4)
		{6752699F-C8BC-4118-9EAB-4CD5FEAFBA04}.Release|Win32.ActiveCfg = Release|Win32
		{6752699F-C8BC-4118-9EAB-4CD5FEAFBA04}.Release|Win32.Build.0 = Release|Win32
		{6752699F-C8BC-4118-9EAB-4CD5FEAFBA05}.Debug|Pocket PC 2003 (ARMV4).ActiveCfg = Debug|Pocket PC 2003 (ARMV4)
		{6752699F-C8BC-4118-9EAB-4CD5FEAFBA05}.Debug|Pocket PC 2003 (ARMV4).Build.0 = Debug|Pocket PC 2003 (ARMV4)
		{6752699F-C8BC-4118-9EAB-4CD5FEAFBA05}.Debug|Pocket PC 2003 (ARMV4).Deploy.0 = Debug|Pocket PC 2003 (ARMV4)
		{6752699F-C8BC-4118-9EAB-4CD5FEAFBA05}.Debug|Smartphone 2003 (ARMV4).ActiveCfg = Debug|Smartphone 2003 (ARMV4)
		{6752699F-C8BC-4118-9EAB-4CD5FEAFBA05}.Debug|Smartphone 2003 (ARMV4).Build.0 = Debug|Smartphone 2003 (ARMV4)
		{6752699F-C8BC-4118-9EAB-4CD5FEAFBA05}.Debug|Smartphone 2003 (ARMV4).Deploy.0 = Debug|Smartphone 2003 (ARMV4)
		{6752699F-C8BC-4118-9EAB-4CD5FEAFBA05}.Debug|Win32.ActiveCfg = Debug|Win32
		{6752699F-C8BC-4118-9EAB-4CD5FEAFBA05}.Debug|Win32.Build.0 = Debug|Win32
		{6752699F-C8BC-4118-9EAB-4CD5FEAFBA05}.Release|Pocket PC 2003 (ARMV4).ActiveCfg = Release|Pocket PC 2003 (ARMV4)
		{6752699F-C8BC-4118-9EAB-4CD5FEAFBA05}.Release|Pocket PC 2003 (ARMV4).Build.0 = Release|Pocket PC 2003 (ARMV4)
		{6752699F-C8BC-4118-9EAB-4CD5FEAFBA05}.Release|Pocket PC 2003 (ARMV4).Deploy.0 = Release|Pocket PC 2003 (ARMV4)
		{6752699F-C8BC-4118-9EAB-4CD5FEAFBA05}.Release|Smartphone 2003 (ARMV4).ActiveCfg = Release|Smartphone 2003 (ARMV4)
		{6752699F-C8BC-4118-9EAB-4CD5FEAFBA05}.Release|Smartphone 2003 (ARMV4).Build.0 = Release|Smartphone 2003 (ARMV4)
		{6752699F-C8BC-4118-9EAB-4CD5FEAFBA05}.Release|Smartphone 2003 (ARMV4).Deploy.0 = Release|Smartphone 2003 (ARMV4)
		{6752699F-C8BC-4118-9EAB-4CD5FEAFBA05}.Release|Win32.ActiveCfg = Release|Win32
		{6752699F-C8BC-4118-9EAB-4CD5FEAFBA05}.Release|Win32.Build.0 = Release|Win32
		{6752699F-C8BC-4118-9EAB-4CD5FEAFBA09}.Debug|Pocket PC 2003 (ARMV4).ActiveCfg = Debug|Pocket PC 2003 (ARMV4)
		{6752699F-C8BC-4118-9EAB-4CD5FEAFBA09}.Debug|Pocket PC 2003 (ARMV4).Build.0 = Debug|Pocket PC 2003 (ARMV4)
		{6752699F-C8BC-4118-9EAB-4CD5FEAFBA09}.Debug|Pocket PC 2003 (ARMV4).Deploy.0 = Debug|Pocket PC 2003 (ARMV4)
		{6752699F-C8BC-4118-9EAB-4CD5FEAFBA09}.Debug|Smartphone 2003 (ARMV4).ActiveCfg = Debug|Smartphone 2003 (ARMV4)
		{6752699F-C8BC-4118-9EAB-4CD5FEAFBA09}.Debug|Smartphone 2003 (ARMV4).Build.0 = Debug|Smartphone 2003 (ARMV4)
		{6752699F-C8BC-4118-9EAB-4CD5FEAFBA09}.Debug|Smartphone 2003 (ARMV4).Deploy.0 = Debug|Smartphone 2003 (ARMV4)
		{6752699F-C8BC-4118-9EAB-4CD5FEAFBA09}.Debug|Win32.ActiveCfg = Debug|Win32
		{6752699F-C8BC-4118-9EAB-4CD5FEAFBA09}.Debug|Win32.Build.0 = Debug|Win32
		{6752699F-C8BC-4118-9EAB-4CD5FEAFBA09}.Release|Pocket PC 2003 (ARMV4).ActiveCfg = Release|Pocket PC 2003 (ARMV4)
		{6752699F-C8BC-4118-9EAB-4CD5FEAFBA09}.Release|Pocket PC 2003 (ARMV4).Build.0 = Release|Pocket PC 2003 (ARMV4)
		{6752699F-C8BC-4118-9EAB-4CD5FEAFBA09}.Release|Pocket PC 2003 (ARMV4).Deploy.0 = Release|Pocket PC 2003 (ARMV4)
		{6752699F-C8BC-4118-9EAB-4CD5FEAFBA09}.Release|Smartphone 2003 (ARMV4).ActiveCfg = Release|Smartphone 2003 (ARMV4)
		{6752699F-C8BC-4118-9EAB-4CD5FEAFBA09}.Release|Smartphone 2003 (ARMV4).Build.0 = Release|Smartphone 2003 (ARMV4)
		{6752699F-C8BC-4118-9EAB-4CD5FEAFBA09}.Release|Smartphone 2003 (ARMV4).Deploy.0 = Release|Smartphone 2003 (ARMV4)
		{6752699F-C8BC-4118-9EAB-4CD5FEAFBA09}.Release|Win32.ActiveCfg = Release|Win32
		{6752699F-C8BC-4118-9EAB-4CD5FEAFBA09}.Release|Win32.Build.0 = Release|Win32
		{6752699F-C8BC-4118-9EAB-4CD5FEAFBA10}.Debug|Pocket PC 2003 (ARMV4).ActiveCfg = Debug|Pocket PC 2003 (ARMV4)
		{6752699F-C8BC-4118-9EAB-4CD5FEAFBA10}.Debug|Pocket PC 2003 (ARMV4).Build.0 = Debug|Pocket PC 2003 (ARMV4)
		{6752699F-C8BC-4118-9EAB-4CD5FEAFBA10}.Debug|Pocket PC 2003 (ARMV4).Deploy.0 = Debug|Pocket PC 2003 (ARMV4)
		{6752699F-C8BC-4118-9EAB-4CD5FEAFBA10}.Debug|Smartphone 2003 (ARMV4).ActiveCfg = Debug|Smartphone 2003 (ARMV4)
		{6752699F-C8BC-4118-9EAB-4CD5FEAFBA10}.Debug|Smartphone 2003 (ARMV4).Build.0 = Debug|Smartphone 2003 (ARMV4)
		{6752699F-C8BC-4118-9EAB-4CD5FEAFBA10}.Debug|Smartphone 2003 (ARMV4).Deploy.0 = Debug|Smartphone 2003 (ARMV4)
		{6752699F-C8BC-4118-9EAB-4CD5FEAFBA10}.Debug|Win32.ActiveCfg = Debug|Win32
		{6752699F-C8BC-4118-9EAB-4CD5FEAFBA10}.Debug|Win32.Build.0 = Debug|Win32
		{6752699F-C8BC-4118-9EAB-4CD5FEAFBA10}.Release|Pocket PC 2003 (ARMV4).ActiveCfg = Release|Pocket PC 2003 (ARMV4)
		{6752699F-C8BC-4118-9EAB-4CD5FEAFBA10}.Release|Pocket PC 2003 (ARMV4).Build.0 = Release|Pocket PC 2003 (ARMV4)
		{6752699F-C8BC-4118-9EAB-4CD5FEAFBA10}.Release|Pocket PC 2003 (ARMV4).Deploy.0 = Release|Pocket PC 2003 (ARMV4)
		{6752699F-C8BC-4118-9EAB-4CD5FEAFBA10}.Release|Smartphone 2003 (ARMV4).ActiveCfg = Release|Smartphone 2003 (ARMV4)
		{6752699F-C8BC-4118-9EAB-4CD5FEAFBA10}.Release|Smartphone 2003 (ARMV4).Build.0 = Release|Smartphone 2003 (ARMV4)
		{6752699F-C8BC-4118-9EAB-4CD5FEAFBA10}.Release|Smartphone 2003 (ARMV4).Deploy.0 = Release|Smartphone 2003 (ARMV4)
		{6752699F-C8BC-4118-9EAB-4CD5FEAFBA10}.Release|Win32.ActiveCfg = Release|Win32
		{6752699F-C8BC-4118-9EAB-4CD5FEAFBA10}.Release|Win32.Build.0 = Release|Win32
		{6752699F-C8BC-4118-9EAB-4CD5FEAFBA0A}.Debug|Pocket PC 2003 (ARMV4).ActiveCfg = Debug|Pocket PC 2003 (ARMV4)
		{6752699F-C8BC-4118-9EAB-4CD5FEAFBA0A}.Debug|Pocket PC 2003 (ARMV4).Build.0 = Debug|Pocket PC 2003 (ARMV4)
		{6752699F-C8BC-4118-9EAB-4CD5FEAFBA0A}.Debug|Pocket PC 2003 (ARMV4).Deploy.0 = Debug|Pocket PC 2003 (ARMV4)
		{6752699F-C8BC-4118-9EAB-4CD5FEAFBA0A}.Debug|Smartphone 2003 (ARMV4).ActiveCfg = Debug|Smartphone 2003 (ARMV4)
		{6752699F-C8BC-4118-9EAB-4CD5FEAFBA0A}.Debug|Smartphone 2003 (ARMV4).Build.0 = Debug|Smartphone 2003 (ARMV4)
		{6752699F-C8BC-4118-9EAB-4CD5FEAFBA0A}.Debug|Smartphone 2003 (ARMV4).Deploy.0 = Debug|Smartphone 2003 (ARMV4)
		{6752699F-C8BC-4118-9EAB-4CD5FEAFBA0A}.Debug|Win32.ActiveCfg = Debug|Win32
		{6752699F-C8BC-4118-9EAB-4CD5FEAFBA0A}.Debug|Win32.Build.0 = Debug|Win32
		{6752699F-C8BC-4118-9EAB-4CD5FEAFBA0A}.Release|Pocket PC 2003 (ARMV4).ActiveCfg = Release|Pocket PC 2003 (ARMV4)
		{6752699F-C8BC-4118-9EAB-4CD5FEAFBA0A}.Release|Pocket PC 2003 (ARMV4).Build.0 = Release|Pocket PC 2003 (ARMV4)
		{6752699F-C8BC-4118-9EAB-4CD5FEAFBA0A}.Release|Pocket PC 2003 (ARMV4).Deploy.0 = Release|Pocket PC 2003 (ARMV4)
		{6752699F-C8BC-4118-9EAB-4CD5FEAFBA0A}.Release|Smartphone 2003 (ARMV4).ActiveCfg = Release|Smartphone 2003 (ARMV4)
		{6752699F-C8BC-4118-9EAB-4CD5FEAFBA0A}.Release|Smartphone 2003 (ARMV4).Build.0 = Release|Smartphone 2003 (ARMV4)
		{6752699F-C8BC-4118-9EAB-4CD5FEAFBA0A}.Release|Smartphone 2003 (ARMV4).Deploy.0 = Release|Smartphone 2003 (ARMV4)
		{6752699F-C8BC-4118-9EAB-4CD5FEAFBA0A}.Release|Win32.ActiveCfg = Release|Win32
		{6752699F-C8BC-4118-9EAB-4CD5FEAFBA0A}.Release|Win32.Build.0 = Release|Win32
		{6752699F-C8BC-4118-9EAB-4CD5FEAFBA01}.Debug|Pocket PC 2003 (ARMV4).ActiveCfg = Debug|Pocket PC 2003 (ARMV4)
		{6752699F-C8BC-4118-9EAB-4CD5FEAFBA01}.Debug|Pocket PC 2003 (ARMV4).Build.0 = Debug|Pocket PC 2003 (ARMV4)
		{6752699F-C8BC-4118-9EAB-4CD5FEAFBA01}.Debug|Pocket PC 2003 (ARMV4).Deploy.0 = Debug|Pocket PC 2003 (ARMV4)
		{6752699F-C8BC-4118-9EAB-4CD5FEAFBA01}.Debug|Smartphone 2003 (ARMV4).ActiveCfg = Debug|Smartphone 2003 (ARMV4)
		{6752699F-C8BC-4118-9EAB-4CD5FEAFBA01}.Debug|Smartphone 2003 (ARMV4).Build.0 = Debug|Smartphone 2003 (ARMV4)
		{6752699F-C8BC-4118-9EAB-4CD5FEAFBA01}.Debug|Smartphone 2003 (ARMV4).Deploy.0 = Debug|Smartphone 2003 (ARMV4)
		{6752699F-C8BC-4118-9EAB-4CD5FEAFBA01}.Debug|Win32.ActiveCfg = Debug|Win32
		{6752699F-C8BC-4118-9EAB-4CD5FEAFBA01}.Debug|Win32.Build.0 = Debug|Win32
		{6752699F-C8BC-4118-9EAB-4CD5FEAFBA01}.Release|Pocket PC 2003 (ARMV4).ActiveCfg = Release|Pocket PC 2003 (ARMV4)
		{6752699F-C8BC-4118-9EAB-4CD5FEAFBA01}.Release|Pocket PC 2003 (ARMV4).Build.0 = Release|Pocket PC 2003 (ARMV4)
		{6752699F-C8BC-4118-9EAB-4CD5FEAFBA01}.Release|Pocket PC 2003 (ARMV4).Deploy.0 = Release|Pocket PC 2003 (ARMV4)
		{6752699F-C8BC-4118-9EAB-4CD5FEAFBA01}.Release|Smartphone 2003 (ARMV4).ActiveCfg = Release|Smartphone 2003 (ARMV4)
		{6752699F-C8BC-4118-9EAB-4CD5FEAFBA01}.Release|Smartphone 2003 (ARMV4).Build.0 = Release|Smartphone 2003 (ARMV4)
		{6752699F-C8BC-4118-9EAB-4CD5FEAFBA01}.Release|Smartphone 2003 (ARMV4).Deploy.0 = Release|Smartphone 2003 (ARMV4)
		{6752699F-C8BC-4118-9EAB-4CD5FEAFBA01}.Release|Win32.ActiveCfg = Release|Win32
		{6752699F-C8BC-4118-9EAB-4CD5FEAFBA01}.Release|Win32.Build.0 = Release|Win32
		{6752699F-C8BC-4118-9EAB-4CD5FEAFBA0B}.Debug|Pocket PC 2003 (ARMV4).ActiveCfg = Debug|Pocket PC 2003 (ARMV4)
		{6752699F-C8BC-4118-9EAB-4CD5FEAFBA0B}.Debug|Pocket PC 2003 (ARMV4).Build.0 = Debug|Pocket PC 2003 (ARMV4)
		{6752699F-C8BC-4118-9EAB-4CD5FEAFBA0B}.Debug|Pocket PC 2003 (ARMV4).Deploy.0 = Debug|Pocket PC 2003 (ARMV4)
		{6752699F-C8BC-4118-9EAB-4CD5FEAFBA0B}.Debug|Smartphone 2003 (ARMV4).ActiveCfg = Debug|Smartphone 2003 (ARMV4)
		{6752699F-C8BC-4118-9EAB-4CD5FEAFBA0B}.Debug|Smartphone 2003 (ARMV4).Build.0 = Debug|Smartphone 2003 (ARMV4)
		{6752699F-C8BC-4118-9EAB-4CD5FEAFBA0B}.Debug|Smartphone 2003 (ARMV4).Deploy.0 = Debug|Smartphone 2003 (ARMV4)
		{6752699F-C8BC-4118-9EAB-4CD5FEAFBA0B}.Debug|Win32.ActiveCfg = Debug|Win32
		{6752699F-C8BC-4118-9EAB-4CD5FEAFBA0B}.Debug|Win32.Build.0 = Debug|Win32
		{6752699F-C8BC-4118-9EAB-4CD5FEAFBA0B}.Release|Pocket PC 2003 (ARMV4).ActiveCfg = Release|Pocket PC 2003 (ARMV4)
		{6752699F-C8BC-4118-9EAB-4CD5FEAFBA0B}.Release|Pocket PC 2003 (ARMV4).Build.0 = Release|Pocket PC 2003 (ARMV4)
		{6752699F-C8BC-4118-9EAB-4CD5FEAFBA0B}.Release|Pocket PC 2003 (ARMV4).Deploy.0 = Release|Pocket PC 2003 (ARMV4)
		{6752699F-C8BC-4118-9EAB-4CD5FEAFBA0B}.Release|Smartphone 2003 (ARMV4).ActiveCfg = Release|Smartphone 2003 (ARMV4)
		{6752699F-C8BC-4118-9EAB-4CD5FEAFBA0B}.Release|Smartphone 2003 (ARMV4).Build.0 = Release|Smartphone 2003 (ARMV4)
		{6752699F-C8BC-4118-9EAB-4CD5FEAFBA0B}.Release|Smartphone 2003 (ARMV4).Deploy.0 = Release|Smartphone 2003 (ARMV4)
		{6752699F-C8BC-4118-9EAB-4CD5FEAFBA0B}.Release|Win32.ActiveCfg = Release|Win32
		{6752699F-C8BC-4118-9EAB-4CD5FEAFBA0B}.Release|Win32.Build.0 = Release|Win32
		{6752699F-C8BC-4118-9EAB-4CD5FEAFBA08}.Debug|Pocket PC 2003 (ARMV4).ActiveCfg = Debug|Pocket PC 2003 (ARMV4)
		{6752699F-C8BC-4118-9EAB-4CD5FEAFBA08}.Debug|Pocket PC 2003 (ARMV4).Build.0 = Debug|Pocket PC 2003 (ARMV4)
		{6752699F-C8BC-4118-9EAB-4CD5FEAFBA08}.Debug|Pocket PC 2003 (ARMV4).Deploy.0 = Debug|Pocket PC 2003 (ARMV4)
		{6752699F-C8BC-4118-9EAB-4CD5FEAFBA08}.Debug|Smartphone 2003 (ARMV4).ActiveCfg = Debug|Smartphone 2003 (ARMV4)
		{6752699F-C8BC-4118-9EAB-4CD5FEAFBA08}.Debug|Smartphone 2003 (ARMV4).Build.0 = Debug|Smartphone 2003 (ARMV4)
		{6752699F-C8BC-4118-9EAB-4CD5FEAFBA08}.Debug|Smartphone 2003 (ARMV4).Deploy.0 = Debug|Smartphone 2003 (ARMV4)
		{6752699F-C8BC-4118-9EAB-4CD5FEAFBA08}.Debug|Win32.ActiveCfg = Debug|Win32
		{6752699F-C8BC-4118-9EAB-4CD5FEAFBA08}.Debug|Win32.Build.0 = Debug|Win32
		{6752699F-C8BC-4118-9EAB-4CD5FEAFBA08}.Release|Pocket PC 2003 (ARMV4).ActiveCfg = Release|Pocket PC 2003 (ARMV4)
		{6752699F-C8BC-4118-9EAB-4CD5FEAFBA08}.Release|Pocket PC 2003 (ARMV4).Build.0 = Release|Pocket PC 2003 (ARMV4)
		{6752699F-C8BC-4118-9EAB-4CD5FEAFBA08}.Release|Pocket PC 2003 (ARMV4).Deploy.0 = Release|Pocket PC 2003 (ARMV4)
		{6752699F-C8BC-4118-9EAB-4CD5FEAFBA08}.Release|Smartphone 2003 (ARMV4).ActiveCfg = Release|Smartphone 2003 (ARMV4)
		{6752699F-C8BC-4118-9EAB-4CD5FEAFBA08}.Release|Smartphone 2003 (ARMV4).Build.0 = Release|Smartphone 2003 (ARMV4)
		{6752699F-C8BC-4118-9EAB-4CD5FEAFBA08}.Release|Smartphone 2003 (ARMV4).Deploy.0 = Release|Smartphone 2003 (ARMV4)
		{6752699F-C8BC-4118-9EAB-4CD5FEAFBA08}.Release|Win32.ActiveCfg = Release|Win32
		{6752699F-C8BC-4118-9EAB-4CD5FEAFBA08}.Release|Win32.Build.0 = Release|Win32
		{6752699F-C8BC-4118-9EAB-4CD5FEAFBA0E}.Debug|Pocket PC 2003 (ARMV4).ActiveCfg = Debug|Pocket PC 2003 (ARMV4)
		{6752699F-C8BC-4118-9EAB-4CD5FEAFBA0E}.Debug|Pocket PC 2003 (ARMV4).Build.0 = Debug|Pocket PC 2003 (ARMV4)
		{6752699F-C8BC-4118-9EAB-4CD5FEAFBA0E}.Debug|Pocket PC 2003 (ARMV4).Deploy.0 = Debug|Pocket PC 2003 (ARMV4)
		{6752699F-C8BC-4118-9EAB-4CD5FEAFBA0E}.Debug|Smartphone 2003 (ARMV4).ActiveCfg = Debug|Smartphone 2003 (ARMV4)
		{6752699F-C8BC-4118-9EAB-4CD5FEAFBA0E}.Debug|Smartphone 2003 (ARMV4).Build.0 = Debug|Smartphone 2003 (ARMV4)
		{6752699F-C8BC-4118-9EAB-4CD5FEAFBA0E}.Debug|Smartphone 2003 (ARMV4).Deploy.0 = Debug|Smartphone 2003 (ARMV4)
		{6752699F-C8BC-4118-9EAB-4CD5FEAFBA0E}.Debug|Win32.ActiveCfg = Debug|Win32
		{6752699F-C8BC-4118-9EAB-4CD5FEAFBA0E}.Debug|Win32.Build.0 = Debug|Win32
		{6752699F-C8BC-4118-9EAB-4CD5FEAFBA0E}.Release|Pocket PC 2003 (ARMV4).ActiveCfg = Release|Pocket PC 2003 (ARMV4)
		{6752699F-C8BC-4118-9EAB-4CD5FEAFBA0E}.Release|Pocket PC 2003 (ARMV4).Build.0 = Release|Pocket PC 2003 (ARMV4)
		{6752699F-C8BC-4118-9EAB-4CD5FEAFBA0E}.Release|Pocket PC 2003 (ARMV4).Deploy.0 = Release|Pocket PC 2003 (ARMV4)
		{6752699F-C8BC-4118-9EAB-4CD5FEAFBA0E}.Release|Smartphone 2003 (ARMV4).ActiveCfg = Release|Smartphone 2003 (ARMV4)
		{6752699F-C8BC-4118-9EAB-4CD5FEAFBA0E}.Release|Smartphone 2003 (ARMV4).Build.0 = Release|Smartphone 2003 (ARMV4)
		{6752699F-C8BC-4118-9EAB-4CD5FEAFBA0E}.Release|Smartphone 2003 (ARMV4).Deploy.0 = Release|Smartphone 2003 (ARMV4)
		{6752699F-C8BC-4118-9EAB-4CD5FEAFBA0E}.Release|Win32.ActiveCfg = Release|Win32
		{6752699F-C8BC-4118-9EAB-4CD5FEAFBA0E}.Release|Win32.Build.0 = Release|Win32
		{6752699F-C8BC-4118-9EAB-4CD5FEAFBA02}.Debug|Pocket PC 2003 (ARMV4).ActiveCfg = Debug|Pocket PC 2003 (ARMV4)
		{6752699F-C8BC-4118-9EAB-4CD5FEAFBA02}.Debug|Pocket PC 2003 (ARMV4).Build.0 = Debug|Pocket PC 2003 (ARMV4)
		{6752699F-C8BC-4118-9EAB-4CD5FEAFBA02}.Debug|Pocket PC 2003 (ARMV4).Deploy.0 = Debug|Pocket PC 2003 (ARMV4)
		{6752699F-C8BC-4118-9EAB-4CD5FEAFBA02}.Debug|Smartphone 2003 (ARMV4).ActiveCfg = Debug|Smartphone 2003 (ARMV4)
		{6752699F-C8BC-4118-9EAB-4CD5FEAFBA02}.Debug|Smartphone 2003 (ARMV4).Build.0 = Debug|Smartphone 2003 (ARMV4)
		{6752699F-C8BC-4118-9EAB-4CD5FEAFBA02}.Debug|Smartphone 2003 (ARMV4).Deploy.0 = Debug|Smartphone 2003 (ARMV4)
		{6752699F-C8BC-4118-9EAB-4CD5FEAFBA02}.Debug|Win32.ActiveCfg = Debug|Win32
		{6752699F-C8BC-4118-9EAB-4CD5FEAFBA02}.Debug|Win32.Build.0 = Debug|Win32
		{6752699F-C8BC-4118-9EAB-4CD5FEAFBA02}.Release|Pocket PC 2003 (ARMV4).ActiveCfg = Release|Pocket PC 2003 (ARMV4)
		{6752699F-C8BC-4118-9EAB-4CD5FEAFBA02}.Release|Pocket PC 2003 (ARMV4).Build.0 = Release|Pocket PC 2003 (ARMV4)
		{6752699F-C8BC-4118-9EAB-4CD5FEAFBA02}.Release|Pocket PC 2003 (ARMV4).Deploy.0 = Release|Pocket PC 2003 (ARMV4)
		{6752699F-C8BC-4118-9EAB-4CD5FEAFBA02}.Release|Smartphone 2003 (ARMV4).ActiveCfg = Release|Smartphone 2003 (ARMV4)
		{6752699F-C8BC-4118-9EAB-4CD5FEAFBA02}.Release|Smartphone 2003 (ARMV4).Build.0 = Release|Smartphone 2003 (ARMV4)
		{6752699F-C8BC-4118-9EAB-4CD5FEAFBA02}.Release|Smartphone 2003 (ARMV4).Deploy.0 = Release|Smartphone 2003 (ARMV4)
		{6752699F-C8BC-4118-9EAB-4CD5FEAFBA02}.Release|Win32.ActiveCfg = Release|Win32
		{6752699F-C8BC-4118-9EAB-4CD5FEAFBA02}.Release|Win32.Build.0 = Release|Win32
		{6752699F-C8BC-4118-9EAB-4CD5FEAFBA0F}.Debug|Pocket PC 2003 (ARMV4).ActiveCfg = Debug|Pocket PC 2003 (ARMV4)
		{6752699F-C8BC-4118-9EAB-4CD5FEAFBA0F}.Debug|Pocket PC 2003 (ARMV4).Build.0 = Debug|Pocket PC 2003 (ARMV4)
		{6752699F-C8BC-4118-9EAB-4CD5FEAFBA0F}.Debug|Pocket PC 2003 (ARMV4).Deploy.0 = Debug|Pocket PC 2003 (ARMV4)
		{6752699F-C8BC-4118-9EAB-4CD5FEAFBA0F}.Debug|Smartphone 2003 (ARMV4).ActiveCfg = Debug|Smartphone 2003 (ARMV4)
		{6752699F-C8BC-4118-9EAB-4CD5FEAFBA0F}.Debug|Smartphone 2003 (ARMV4).Build.0 = Debug|Smartphone 2003 (ARMV4)
		{6752699F-C8BC-4118-9EAB-4CD5FEAFBA0F}.Debug|Smartphone 2003 (ARMV4).Deploy.0 = Debug|Smartphone 2003 (ARMV4)
		{6752699F-C8BC-4118-9EAB-4CD5FEAFBA0F}.Debug|Win32.ActiveCfg = Debug|Win32
		{6752699F-C8BC-4118-9EAB-4CD5FEAFBA0F}.Debug|Win32.Build.0 = Debug|Win32
		{6752699F-C8BC-4118-9EAB-4CD5FEAFBA0F}.Release|Pocket PC 2003 (ARMV4).ActiveCfg = Release|Pocket PC 2003 (ARMV4)
		{6752699F-C8BC-4118-9EAB-4CD5FEAFBA0F}.Release|Pocket PC 2003 (ARMV4).Build.0 = Release|Pocket PC 2003 (ARMV4)
		{6752699F-C8BC-4118-9EAB-4CD5FEAFBA0F}.Release|Pocket PC 2003 (ARMV4).Deploy.0 = Release|Pocket PC 2003 (ARMV4)
		{6752699F-C8BC-4118-9EAB-4CD5FEAFBA0F}.Release|Smartphone 2003 (ARMV4).ActiveCfg = Release|Smartphone 2003 (ARMV4)
		{6752699F-C8BC-4118-9EAB-4CD5FEAFBA0F}.Release|Smartphone 2003 (ARMV4).Build.0 = Release|Smartphone 2003 (ARMV4)
		{6752699F-C8BC-4118-9EAB-4CD5FEAFBA0F}.Release|Smartphone 2003 (ARMV4).Deploy.0 = Release|Smartphone 2003 (ARMV4)
		{6752699F-C8BC-4118-9EAB-4CD5FEAFBA0F}.Release|Win32.ActiveCfg = Release|Win32
		{6752699F-C8BC-4118-9EAB-4CD5FEAFBA0F}.Release|Win32.Build.0 = Release|Win32
		{9E930741-B728-4984-8AD9-570375AFA71F}.Debug|Pocket PC 2003 (ARMV4).ActiveCfg = Debug|Pocket PC 2003 (ARMV4)
		{9E930741-B728-4984-8AD9-570375AFA71F}.Debug|Pocket PC 2003 (ARMV4).Build.0 = Debug|Pocket PC 2003 (ARMV4)
		{9E930741-B728-4984-8AD9-570375AFA71F}.Debug|Pocket PC 2003 (ARMV4).Deploy.0 = Debug|Pocket PC 2003 (ARMV4)
		{9E930741-B728-4984-8AD9-570375AFA71F}.Debug|Smartphone 2003 (ARMV4).ActiveCfg = Debug|Smartphone 2003 (ARMV4)
		{9E930741-B728-4984-8AD9-570375AFA71F}.Debug|Smartphone 2003 (ARMV4).Build.0 = Debug|Smartphone 2003 (ARMV4)
		{9E930741-B728-4984-8AD9-570375AFA71F}.Debug|Smartphone 2003 (ARMV4).Deploy.0 = Debug|Smartphone 2003 (ARMV4)
		{9E930741-B728-4984-8AD9-570375AFA71F}.Debug|Win32.ActiveCfg = Debug|Win32
		{9E930741-B728-4984-8AD9-570375AFA71F}.Debug|Win32.Build.0 = Debug|Win32
		{9E930741-B728-4984-8AD9-570375AFA71F}.Release|Pocket PC 2003 (ARMV4).ActiveCfg = Release|Pocket PC 2003 (ARMV4)
		{9E930741-B728-4984-8AD9-570375AFA71F}.Release|Pocket PC 2003 (ARMV4).Build.0 = Release|Pocket PC 2003 (ARMV4)
		{9E930741-B728-4984-8AD9-570375AFA71F}.Release|Pocket PC 2003 (ARMV4).Deploy.0 = Release|Pocket PC 2003 (ARMV4)
		{9E930741-B728-4984-8AD9-570375AFA71F}.Release|Smartphone 2003 (ARMV4).ActiveCfg = Release|Smartphone 2003 (ARMV4)
		{9E930741-B728-4984-8AD9-570375AFA71F}.Release|Smartphone 2003 (ARMV4).Build.0 = Release|Smartphone 2003 (ARMV4)
		{9E930741-B728-4984-8AD9-570375AFA71F}.Release|Smartphone 2003 (ARMV4).Deploy.0 = Release|Smartphone 2003 (ARMV4)
		{9E930741-B728-4984-8AD9-570375AFA71F}.Release|Win32.ActiveCfg = Release|Win32
		{9E930741-B728-4984-8AD9-570375AFA71F}.Release|Win32.Build.0 = Release|Win32
		{9E930741-B728-4984-8AD9-570375AFA720}.Debug|Pocket PC 2003 (ARMV4).ActiveCfg = Debug|Pocket PC 2003 (ARMV4)
		{9E930741-B728-4984-8AD9-570375AFA720}.Debug|Pocket PC 2003 (ARMV4).Build.0 = Debug|Pocket PC 2003 (ARMV4)
		{9E930741-B728-4984-8AD9-570375AFA720}.Debug|Pocket PC 2003 (ARMV4).Deploy.0 = Debug|Pocket PC 2003 (ARMV4)
		{9E930741-B728-4984-8AD9-570375AFA720}.Debug|Smartphone 2003 (ARMV4).ActiveCfg = Debug|Smartphone 2003 (ARMV4)
		{9E930741-B728-4984-8AD9-570375AFA720}.Debug|Smartphone 2003 (ARMV4).Build.0 = Debug|Smartphone 2003 (ARMV4)
		{9E930741-B728-4984-8AD9-570375AFA720}.Debug|Smartphone 2003 (ARMV4).Deploy.0 = Debug|Smartphone 2003 (ARMV4)
		{9E930741-B728-4984-8AD9-570375AFA720}.Debug|Win32.ActiveCfg = Debug|Win32
		{9E930741-B728-4984-8AD9-570375AFA720}.Debug|Win32.Build.0 = Debug|Win32
		{9E930741-B728-4984-8AD9-570375AFA720}.Release|Pocket PC 2003 (ARMV4).ActiveCfg = Release|Pocket PC 2003 (ARMV4)
		{9E930741-B728-4984-8AD9-570375AFA720}.Release|Pocket PC 2003 (ARMV4).Build.0 = Release|Pocket PC 2003 (ARMV4)
		{9E930741-B728-4984-8AD9-570375AFA720}.Release|Pocket PC 2003 (ARMV4).Deploy.0 = Release|Pocket PC 2003 (ARMV4)
		{9E930741-B728-4984-8AD9-570375AFA720}.Release|Smartphone 2003 (ARMV4).ActiveCfg = Release|Smartphone 2003 (ARMV4)
		{9E930741-B728-4984-8AD9-570375AFA720}.Release|Smartphone 2003 (ARMV4).Build.0 = Release|Smartphone 2003 (ARMV4)
		{9E930741-B728-4984-8AD9-570375AFA720}.Release|Smartphone 2003 (ARMV4).Deploy.0 = Release|Smartphone 2003 (ARMV4)
		{9E930741-B728-4984-8AD9-570375AFA720}.Release|Win32.ActiveCfg = Release|Win32
		{9E930741-B728-4984-8AD9-570375AFA720}.Release|Win32.Build.0 = Release|Win32
		{9E930741-B728-4984-8AD9-570375AFA721}.Debug|Pocket PC 2003 (ARMV4).ActiveCfg = Debug|Pocket PC 2003 (ARMV4)
		{9E930741-B728-4984-8AD9-570375AFA721}.Debug|Pocket PC 2003 (ARMV4).Build.0 = Debug|Pocket PC 2003 (ARMV4)
		{9E930741-B728-4984-8AD9-570375AFA721}.Debug|Pocket PC 2003 (ARMV4).Deploy.0 = Debug|Pocket PC 2003 (ARMV4)
		{9E930741-B728-4984-8AD9-570375AFA721}.Debug|Smartphone 2003 (ARMV4).ActiveCfg = Debug|Smartphone 2003 (ARMV4)
		{9E930741-B728-4984-8AD9-570375AFA721}.Debug|Smartphone 2003 (ARMV4).Build.0 = Debug|Smartphone 2003 (ARMV4)
		{9E930741-B728-4984-8AD9-570375AFA721}.Debug|Smartphone 2003 (ARMV4).Deploy.0 = Debug|Smartphone 2003 (ARMV4)
		{9E930741-B728-4984-8AD9-570375AFA721}.Debug|Win32.ActiveCfg = Debug|Win32
		{9E930741-B728-4984-8AD9-570375AFA721}.Debug|Win32.Build.0 = Debug|Win32
		{9E930741-B728-4984-8AD9-570375AFA721}.Release|Pocket PC 2003 (ARMV4).ActiveCfg = Release|Pocket PC 2003 (ARMV4)
		{9E930741-B728-4984-8AD9-570375AFA721}.Release|Pocket PC 2003 (ARMV4).Build.0 = Release|Pocket PC 2003 (ARMV4)
		{9E930741-B728-4984-8AD9-570375AFA721}.Release|Pocket PC 2003 (ARMV4).Deploy.0 = Release|Pocket PC 2003 (ARMV4)
		{9E930741-B728-4984-8AD9-570375AFA721}.Release|Smartphone 2003 (ARMV4).ActiveCfg = Release|Smartphone 2003 (ARMV4)
		{9E930741-B728-4984-8AD9-570375AFA721}.Release|Smartphone 2003 (ARMV4).Build.0 = Release|Smartphone 2003 (ARMV4)
		{9E930741-B728-4984-8AD9-570375AFA721}.Release|Smartphone 2003 (ARMV4).Deploy.0 = Release|Smartphone 2003 (ARMV4)
		{9E930741-B728-4984-8AD9-570375AFA721}.Release|Win32.ActiveCfg = Release|Win32
		{9E930741-B728-4984-8AD9-570375AFA721}.Release|Win32.Build.0 = Release|Win32
		{9E930741-B728-4984-8AD9-570375AFA71E}.Debug|Pocket PC 2003 (ARMV4).ActiveCfg = Debug|Pocket PC 2003 (ARMV4)
		{9E930741-B728-4984-8AD9-570375AFA71E}.Debug|Pocket PC 2003 (ARMV4).Build.0 = Debug|Pocket PC 2003 (ARMV4)
		{9E930741-B728-4984-8AD9-570375AFA71E}.Debug|Pocket PC 2003 (ARMV4).Deploy.0 = Debug|Pocket PC 2003 (ARMV4)
		{9E930741-B728-4984-8AD9-570375AFA71E}.Debug|Smartphone 2003 (ARMV4).ActiveCfg = Debug|Smartphone 2003 (ARMV4)
		{9E930741-B728-4984-8AD9-570375AFA71E}.Debug|Smartphone 2003 (ARMV4).Build.0 = Debug|Smartphone 2003 (ARMV4)
		{9E930741-B728-4984-8AD9-570375AFA71E}.Debug|Smartphone 2003 (ARMV4).Deploy.0 = Debug|Smartphone 2003 (ARMV4)
		{9E930741-B728-4984-8AD9-570375AFA71E}.Debug|Win32.ActiveCfg = Debug|Win32
		{9E930741-B728-4984-8AD9-570375AFA71E}.Debug|Win32.Build.0 = Debug|Win32
		{9E930741-B728-4984-8AD9-570375AFA71E}.Release|Pocket PC 2003 (ARMV4).ActiveCfg = Release|Pocket PC 2003 (ARMV4)
		{9E930741-B728-4984-8AD9-570375AFA71E}.Release|Pocket PC 2003 (ARMV4).Build.0 = Release|Pocket PC 2003 (ARMV4)
		{9E930741-B728-4984-8AD9-570375AFA71E}.Release|Pocket PC 2003 (ARMV4).Deploy.0 = Release|Pocket PC 2003 (ARMV4)
		{9E930741-B728-4984-8AD9-570375AFA71E}.Release|Smartphone 2003 (ARMV4).ActiveCfg = Release|Smartphone 2003 (ARMV4)
		{9E930741-B728-4984-8AD9-570375AFA71E}.Release|Smartphone 2003 (ARMV4).Build.0 = Release|Smartphone 2003 (ARMV4)
		{9E930741-B728-4984-8AD9-570375AFA71E}.Release|Smartphone 2003 (ARMV4).Deploy.0 = Release|Smartphone 2003 (ARMV4)
		{9E930741-B728-4984-8AD9-570375AFA71E}.Release|Win32.ActiveCfg = Release|Win32
		{9E930741-B728-4984-8AD9-570375AFA71E}.Release|Win32.Build.0 = Release|Win32
		{9E930741-B728-4984-8AD9-570375AFA722}.Debug|Pocket PC 2003 (ARMV4).ActiveCfg = Debug|Pocket PC 2003 (ARMV4)
		{9E930741-B728-4984-8AD9-570375AFA722}.Debug|Pocket PC 2003 (ARMV4).Build.0 = Debug|Pocket PC 2003 (ARMV4)
		{9E930741-B728-4984-8AD9-570375AFA722}.Debug|Pocket PC 2003 (ARMV4).Deploy.0 = Debug|Pocket PC 2003 (ARMV4)
		{9E930741-B728-4984-8AD9-570375AFA722}.Debug|Smartphone 2003 (ARMV4).ActiveCfg = Debug|Smartphone 2003 (ARMV4)
		{9E930741-B728-4984-8AD9-570375AFA722}.Debug|Smartphone 2003 (ARMV4).Build.0 = Debug|Smartphone 2003 (ARMV4)
		{9E930741-B728-4984-8AD9-570375AFA722}.Debug|Smartphone 2003 (ARMV4).Deploy.0 = Debug|Smartphone 2003 (ARMV4)
		{9E930741-B728-4984-8AD9-570375AFA722}.Debug|Win32.ActiveCfg = Debug|Win32
		{9E930741-B728-4984-8AD9-570375AFA722}.Debug|Win32.Build.0 = Debug|Win32
		{9E930741-B728-4984-8AD9-570375AFA722}.Release|Pocket PC 2003 (ARMV4).ActiveCfg = Release|Pocket PC 2003 (ARMV4)
		{9E930741-B728-4984-8AD9-570375AFA722}.Release|Pocket PC 2003 (ARMV4).Build.0 = Release|Pocket PC 2003 (ARMV4)
		{9E930741-B728-4984-8AD9-570375AFA722}.Release|Pocket PC 2003 (ARMV4).Deploy.0 = Release|Pocket PC 2003 (ARMV4)
		{9E930741-B728-4984-8AD9-570375AFA722}.Release|Smartphone 2003 (ARMV4).ActiveCfg = Release|Smartphone 2003 (ARMV4)
		{9E930741-B728-4984-8AD9-570375AFA722}.Release|Smartphone 2003 (ARMV4).Build.0 = Release|Smartphone 2003 (ARMV4)
		{9E930741-B728-4984-8AD9-570375AFA722}.Release|Smartphone 2003 (ARMV4).Deploy.0 = Release|Smartphone 2003 (ARMV4)
		{9E930741-B728-4984-8AD9-570375AFA722}.Release|Win32.ActiveCfg = Release|Win32
		{9E930741-B728-4984-8AD9-570375AFA722}.Release|Win32.Build.0 = Release|Win32
		{9E930741-B728-4984-8AD9-570375AFA723}.Debug|Pocket PC 2003 (ARMV4).ActiveCfg = Debug|Pocket PC 2003 (ARMV4)
		{9E930741-B728-4984-8AD9-570375AFA723}.Debug|Pocket PC 2003 (ARMV4).Build.0 = Debug|Pocket PC 2003 (ARMV4)
		{9E930741-B728-4984-8AD9-570375AFA723}.Debug|Pocket PC 2003 (ARMV4).Deploy.0 = Debug|Pocket PC 2003 (ARMV4)
		{9E930741-B728-4984-8AD9-570375AFA723}.Debug|Smartphone 2003 (ARMV4).ActiveCfg = Debug|Smartphone 2003 (ARMV4)
		{9E930741-B728-4984-8AD9-570375AFA723}.Debug|Smartphone 2003 (ARMV4).Build.0 = Debug|Smartphone 2003 (ARMV4)
		{9E930741-B728-4984-8AD9-570375AFA723}.Debug|Smartphone 2003 (ARMV4).Deploy.0 = Debug|Smartphone 2003 (ARMV4)
		{9E930741-B728-4984-8AD9-570375AFA723}.Debug|Win32.ActiveCfg = Debug|Win32
		{9E930741-B728-4984-8AD9-570375AFA723}.Debug|Win32.Build.0 = Debug|Win32
		{9E930741-B728-4984-8AD9-570375AFA723}.Release|Pocket PC 2003 (ARMV4).ActiveCfg = Release|Pocket PC 2003 (ARMV4)
		{9E930741-B728-4984-8AD9-570375AFA723}.Release|Pocket PC 2003 (ARMV4).Build.0 = Release|Pocket PC 2003 (ARMV4)
		{9E930741-B728-4984-8AD9-570375AFA723}.Release|Pocket PC 2003 (ARMV4).Deploy.0 = Release|Pocket PC 2003 (ARMV4)
		{9E930741-B728-4984-8AD9-570375AFA723}.Release|Smartphone 2003 (ARMV4).ActiveCfg = Release|Smartphone 2003 (ARMV4)
		{9E930741-B728-4984-8AD9-570375AFA723}.Release|Smartphone 2003 (ARMV4).Build.0 = Release|Smartphone 2003 (ARMV4)
		{9E930741-B728-4984-8AD9-570375AFA723}.Release|Smartphone 2003 (ARMV4).Deploy.0 = Release|Smartphone 2003 (ARMV4)
		{9E930741-B728-4984-8AD9-570375AFA723}.Release|Win32.ActiveCfg = Release|Win32
		{9E930741-B728-4984-8AD9-570375AFA723}.Release|Win32.Build.0 = Release|Win32
	EndGlobalSection
	GlobalSection(SolutionProperties) = preSolution
		HideSolutionNode = FALSE
	EndGlobalSection
EndGlobal
