	<Project xmlns="http://schemas.microsoft.com/developer/msbuild/2003">
		<PropertyGroup>
			<ProjectGuid>{1dad6d73-0c4d-45a9-bb5c-e0fe5280d3cd}</ProjectGuid>
			<MainSource>SDeanUtils.dpk</MainSource>
			<Configuration Condition=" '$(Configuration)' == '' ">Debug</Configuration>
			<DCC_DCCCompiler>DCC32</DCC_DCCCompiler>
			<DCC_DependencyCheckOutputName>C:\Documents and Settings\All Users\Documents\RAD Studio\5.0\Bpl\SDeanUtils.bpl</DCC_DependencyCheckOutputName>
			<FrameworkType>VCL</FrameworkType>
			<ProjectVersion>13.4</ProjectVersion>
			<Base>True</Base>
			<Config Condition="'$(Config)'==''">Debug</Config>
			<Platform Condition="'$(Platform)'==''">Win32</Platform>
			<TargetedPlatforms>1</TargetedPlatforms>
			<AppType>Package</AppType>
		</PropertyGroup>
		<PropertyGroup Condition="'$(Config)'=='Base' or '$(Base)'!=''">
			<Base>true</Base>
		</PropertyGroup>
		<PropertyGroup Condition="('$(Platform)'=='Win64' and '$(Base)'=='true') or '$(Base_Win64)'!=''">
			<Base_Win64>true</Base_Win64>
			<CfgParent>Base</CfgParent>
			<Base>true</Base>
		</PropertyGroup>
		<PropertyGroup Condition="('$(Platform)'=='Win32' and '$(Base)'=='true') or '$(Base_Win32)'!=''">
			<Base_Win32>true</Base_Win32>
			<CfgParent>Base</CfgParent>
			<Base>true</Base>
		</PropertyGroup>
		<PropertyGroup Condition="'$(Config)'=='Release' or '$(Cfg_1)'!=''">
			<Cfg_1>true</Cfg_1>
			<CfgParent>Base</CfgParent>
			<Base>true</Base>
		</PropertyGroup>
		<PropertyGroup Condition="'$(Config)'=='Debug' or '$(Cfg_2)'!=''">
			<Cfg_2>true</Cfg_2>
			<CfgParent>Base</CfgParent>
			<Base>true</Base>
		</PropertyGroup>
		<PropertyGroup Condition="('$(Platform)'=='Win32' and '$(Cfg_2)'=='true') or '$(Cfg_2_Win32)'!=''">
			<Cfg_2_Win32>true</Cfg_2_Win32>
			<CfgParent>Cfg_2</CfgParent>
			<Cfg_2>true</Cfg_2>
			<Base>true</Base>
		</PropertyGroup>
		<PropertyGroup Condition="'$(Base)'!=''">
			<VerInfo_IncludeVerInfo>true</VerInfo_IncludeVerInfo>
			<DCC_UnitSearchPath>P:\SDeanComponents\Components\SDeanUtils;$(DCC_UnitSearchPath)</DCC_UnitSearchPath>
			<DCC_OutputNeverBuildDcps>true</DCC_OutputNeverBuildDcps>
			<VerInfo_MajorVer>2</VerInfo_MajorVer>
			<DCC_WriteableConstants>true</DCC_WriteableConstants>
			<DCC_Description>SDeanUtils: Sarah Dean - General Utility Classes and Components</DCC_Description>
			<DCC_Namespace>Vcl;Vcl.Imaging;Vcl.Touch;Vcl.Samples;Vcl.Shell;System;Xml;Data;Datasnap;Web;Soap;Winapi;System.Win;$(DCC_Namespace)</DCC_Namespace>
			<GenPackage>true</GenPackage>
			<VerInfo_Locale>2057</VerInfo_Locale>
			<GenDll>true</GenDll>
			<DCC_UsePackage>rtl;xmlrtl;$(DCC_UsePackage)</DCC_UsePackage>
			<VerInfo_Build>1238</VerInfo_Build>
			<DCC_ImageBase>00400000</DCC_ImageBase>
			<VerInfo_Keys>CompanyName=Sarah Dean;FileDescription=Sarah Dean&apos;s General Utility Classes and Components;FileVersion=2.0.0.1238;InternalName=SDeanUtils;LegalCopyright=(c) Sarah Dean;LegalTrademarks=;OriginalFilename=SDeanUtils.bpl;ProductName=General Delphi Classes and Components;ProductVersion=2.00;Comments=http://www.SDean12.org/;FileVersion=2.0.0.1238</VerInfo_Keys>
		</PropertyGroup>
		<PropertyGroup Condition="'$(Base_Win64)'!=''">
			<Icon_MainIcon>SDeanUtils_Icon8.ico</Icon_MainIcon>
			<DCC_UsePackage>vclx;vcl;VclSmp;$(DCC_UsePackage)</DCC_UsePackage>
		</PropertyGroup>
		<PropertyGroup Condition="'$(Base_Win32)'!=''">
			<VerInfo_IncludeVerInfo>true</VerInfo_IncludeVerInfo>
			<Icon_MainIcon>SDeanUtils_Icon8.ico</Icon_MainIcon>
			<DCC_Namespace>Winapi;System.Win;Data.Win;Datasnap.Win;Web.Win;Soap.Win;Xml.Win;Bde;$(DCC_Namespace)</DCC_Namespace>
			<VerInfo_Locale>1033</VerInfo_Locale>
			<DCC_UsePackage>vclx;vcl;VclSmp;$(DCC_UsePackage)</DCC_UsePackage>
			<VerInfo_Keys>CompanyName=;FileDescription=;FileVersion=1.0.0.0;InternalName=;LegalCopyright=;LegalTrademarks=;OriginalFilename=;ProductName=;ProductVersion=1.0.0.0;Comments=</VerInfo_Keys>
		</PropertyGroup>
		<PropertyGroup Condition="'$(Cfg_1)'!=''">
			<Version>7.0</Version>
			<DCC_DebugInformation>False</DCC_DebugInformation>
			<DCC_WriteableConstants>True</DCC_WriteableConstants>
			<DCC_LocalDebugSymbols>False</DCC_LocalDebugSymbols>
			<DCC_SymbolReferenceInfo>0</DCC_SymbolReferenceInfo>
			<DCC_Define>RELEASE;$(DCC_Define)</DCC_Define>
			<DCC_UNSAFE_TYPE>True</DCC_UNSAFE_TYPE>
			<DCC_UNSAFE_CODE>True</DCC_UNSAFE_CODE>
			<DCC_UNSAFE_CAST>True</DCC_UNSAFE_CAST>
		</PropertyGroup>
		<PropertyGroup Condition="'$(Cfg_2)'!=''">
			<Version>7.0</Version>
			<DCC_WriteableConstants>True</DCC_WriteableConstants>
		</PropertyGroup>
		<PropertyGroup Condition="'$(Cfg_2_Win32)'!=''">
			<VerInfo_Keys>CompanyName=;FileDescription=;FileVersion=1.0.0.0;InternalName=;LegalCopyright=;LegalTrademarks=;OriginalFilename=;ProductName=;ProductVersion=1.0.0.0;Comments=</VerInfo_Keys>
			<VerInfo_Locale>1033</VerInfo_Locale>
		</PropertyGroup>
		<ProjectExtensions>
			<Borland.Personality>Delphi.Personality.12</Borland.Personality>
			<Borland.ProjectType>Package</Borland.ProjectType>
			<BorlandProject>
				<Delphi.Personality>
					<Parameters>
						<Parameters Name="UseLauncher">False</Parameters>
						<Parameters Name="LoadAllSymbols">True</Parameters>
						<Parameters Name="LoadUnspecifiedSymbols">False</Parameters>
					</Parameters>
					<Language>
						<Language Name="ProjectLang">$00000809</Language>
					</Language>
					<VersionInfo>
						<VersionInfo Name="IncludeVerInfo">True</VersionInfo>
						<VersionInfo Name="AutoIncBuild">False</VersionInfo>
						<VersionInfo Name="MajorVer">2</VersionInfo>
						<VersionInfo Name="MinorVer">0</VersionInfo>
						<VersionInfo Name="Release">0</VersionInfo>
						<VersionInfo Name="Build">1238</VersionInfo>
						<VersionInfo Name="Debug">False</VersionInfo>
						<VersionInfo Name="PreRelease">False</VersionInfo>
						<VersionInfo Name="Special">False</VersionInfo>
						<VersionInfo Name="Private">False</VersionInfo>
						<VersionInfo Name="DLL">False</VersionInfo>
						<VersionInfo Name="Locale">2057</VersionInfo>
						<VersionInfo Name="CodePage">1252</VersionInfo>
					</VersionInfo>
					<VersionInfoKeys>
						<VersionInfoKeys Name="CompanyName">Sarah Dean</VersionInfoKeys>
						<VersionInfoKeys Name="FileDescription">Sarah Dean&apos;s General Utility Classes and Components</VersionInfoKeys>
						<VersionInfoKeys Name="FileVersion">2.0.0.1238</VersionInfoKeys>
						<VersionInfoKeys Name="InternalName">SDeanUtils</VersionInfoKeys>
						<VersionInfoKeys Name="LegalCopyright">(c) Sarah Dean</VersionInfoKeys>
						<VersionInfoKeys Name="LegalTrademarks"/>
						<VersionInfoKeys Name="OriginalFilename">SDeanUtils.bpl</VersionInfoKeys>
						<VersionInfoKeys Name="ProductName">General Delphi Classes and Components</VersionInfoKeys>
						<VersionInfoKeys Name="ProductVersion">2.00</VersionInfoKeys>
						<VersionInfoKeys Name="Comments">http://www.SDean12.org/</VersionInfoKeys>
					</VersionInfoKeys>
					<Source>
						<Source Name="MainSource">SDeanUtils.dpk</Source>
					</Source>
					<Excluded_Packages>
						<Excluded_Packages Name="C:\Program Files (x86)\FastReports\LibD16\dclfrxDB16.bpl">FastReport 4.0 DB Components</Excluded_Packages>
						<Excluded_Packages Name="$(BDSBIN)\dclIPIndyImpl160.bpl">IP Abstraction Indy Implementation Design Time</Excluded_Packages>
						<Excluded_Packages Name="C:\USERS\PUBLIC\DOCUMENTS\RAD STUDIO\9.0\bpl\dcllmdelcore160.bpl">LMD 2014 - ElPack Core Components</Excluded_Packages>
						<Excluded_Packages Name="$(BDSBIN)\dcloffice2k160.bpl">Microsoft Office 2000 Sample Automation Server Wrapper Components</Excluded_Packages>
						<Excluded_Packages Name="$(BDSBIN)\dclofficexp160.bpl">Microsoft Office XP Sample Automation Server Wrapper Components</Excluded_Packages>
						<Excluded_Packages Name="C:\Apps\TMS Component Pack\DelphiXE2\TMSDeDXE2.bpl">TMS Component Pack design time support</Excluded_Packages>
					</Excluded_Packages>
				</Delphi.Personality>
				<Platforms>
					<Platform value="Win64">False</Platform>
					<Platform value="Win32">True</Platform>
				</Platforms>
			</BorlandProject>
			<ProjectFileVersion>12</ProjectFileVersion>
		</ProjectExtensions>
		<Import Project="$(BDS)\Bin\CodeGear.Delphi.Targets"/>
		<ItemGroup>
			<DelphiCompile Include="$(MainSource)">
				<MainSource>MainSource</MainSource>
			</DelphiCompile>
			<DCCReference Include="SDUDirIterator_U.dcr"/>
			<DCCReference Include="SDUFileIterator_U.dcr"/>
			<DCCReference Include="SDUNamedPipe_U.dcr"/>
			<DCCReference Include="SDUSystemTrayIcon.dcr"/>
			<DCCReference Include="SDUStringGrid.dcr"/>
			<DCCReference Include="SDUProgressDlg.dcr"/>
			<DCCReference Include="SDUCheckLst.dcr"/>
			<DCCReference Include="SDUBlocksPanel.dcr"/>
			<DCCReference Include="SDUDiskPartitionsPanel.dcr"/>
			<DCCReference Include="SDUSpin64Units.dcr"/>
			<DCCReference Include="SDUFilenameEdit_U.dcr"/>
			<DCCReference Include="SDUStdCtrls.dcr"/>
			<DCCReference Include="SDUDropFiles.dcr"/>
			<DCCReference Include="SDUClipbrd.dcr"/>
			<DCCReference Include="SDUMultimediaKeys.dcr"/>
			<DCCReference Include="vcl.dcp"/>
			<DCCReference Include="vclsmp.dcp"/>
			<DCCReference Include="rtl.dcp"/>
			<DCCReference Include="vclx.dcp"/>
			<DCCReference Include="xmlrtl.dcp"/>
			<DCCReference Include="SDUDirIterator_U.pas"/>
			<DCCReference Include="SDUFileIterator_U.pas"/>
			<DCCReference Include="SDUGeneral.pas"/>
			<DCCReference Include="SDUProgressDlg.pas">
				<Form>SDUProgressDialog</Form>
			</DCCReference>
			<DCCReference Include="SDUNamedPipe_U.pas"/>
			<DCCReference Include="SDUBase64.pas"/>
			<DCCReference Include="SDULogger_U.pas"/>
			<DCCReference Include="Spin64.pas"/>
			<DCCReference Include="NetMsg.pas"/>
			<DCCReference Include="SDUEndianIntegers.pas"/>
			<DCCReference Include="SDUSystemTrayIcon.pas"/>
			<DCCReference Include="SDUSystemTrayIconShellAPI.pas"/>
			<DCCReference Include="SDURegistry.pas"/>
			<DCCReference Include="SDUDialogs.pas"/>
			<DCCReference Include="SDUStringGrid.pas"/>
			<DCCReference Include="SDUCheckLst.pas"/>
			<DCCReference Include="SDUWindows64.pas"/>
			<DCCReference Include="SDUDiskPartitionsPanel.pas"/>
			<DCCReference Include="SDUBlocksPanel.pas"/>
			<DCCReference Include="SDUPartitionPropertiesDlg.pas"/>
			<DCCReference Include="SDUDiskPropertiesDlg.pas"/>
			<DCCReference Include="MSntdll.pas"/>
			<DCCReference Include="SDUObjectManager.pas"/>
			<DCCReference Include="SDUMRUList.pas"/>
			<DCCReference Include="SDUi18n.pas"/>
			<DCCReference Include="SDUForms.pas"/>
			<DCCReference Include="SDUSpin64Units.pas">
				<Form>SDUSpin64Unit</Form>
			</DCCReference>
			<DCCReference Include="SDUComCtrls.pas"/>
			<DCCReference Include="SDUExtCtrls.pas"/>
			<DCCReference Include="SDUFrames.pas">
				<Form>SDUFrame</Form>
				<DesignClass>TFrame</DesignClass>
			</DCCReference>
			<DCCReference Include="SDUFilenameEdit_U.pas">
				<Form>SDUFilenameEdit</Form>
				<DesignClass>TFrame</DesignClass>
			</DCCReference>
			<DCCReference Include="SDUStdCtrls.pas"/>
			<DCCReference Include="SDUAboutDlg.pas">
				<Form>SDUAboutDialog</Form>
			</DCCReference>
			<DCCReference Include="SDUClasses.pas"/>
			<DCCReference Include="SDUSysUtils.pas"/>
			<DCCReference Include="SDUGraphics.pas"/>
			<DCCReference Include="SDUDropFiles.pas"/>
			<DCCReference Include="SDUWinHTTP.pas"/>
			<DCCReference Include="SDUWinHTTP_API.pas"/>
			<DCCReference Include="SDUMultimediaKeys.pas"/>
			<DCCReference Include="SDUClipbrd.pas"/>
			<DCCReference Include="SDUWindows.pas"/>
			<BuildConfiguration Include="Debug">
				<Key>Cfg_2</Key>
				<CfgParent>Base</CfgParent>
			</BuildConfiguration>
			<BuildConfiguration Include="Base">
				<Key>Base</Key>
			</BuildConfiguration>
			<BuildConfiguration Include="Release">
				<Key>Cfg_1</Key>
				<CfgParent>Base</CfgParent>
			</BuildConfiguration>
		</ItemGroup>
		<Import Condition="Exists('$(APPDATA)\Embarcadero\$(BDSAPPDATABASEDIR)\$(PRODUCTVERSION)\UserTools.proj')" Project="$(APPDATA)\Embarcadero\$(BDSAPPDATABASEDIR)\$(PRODUCTVERSION)\UserTools.proj"/>
	</Project>
