<?xml version="1.0" encoding="utf-8"?>
<Project ToolsVersion="4.0" xmlns="http://schemas.microsoft.com/developer/msbuild/2003">
  <ItemGroup>
    <Filter Include="Source Files">
      <UniqueIdentifier>{222804a0-8d6d-4337-9a1f-e6fa1c871d80}</UniqueIdentifier>
      <Extensions>cpp;c;cxx;def;odl;idl;hpj;bat;asm</Extensions>
    </Filter>
    <Filter Include="Header Files">
      <UniqueIdentifier>{0ce0f5ff-78e9-44e6-a4c5-007d1250bead}</UniqueIdentifier>
      <Extensions>h;hpp;hxx;hm;inl;inc</Extensions>
    </Filter>
    <Filter Include="Resource Files">
      <UniqueIdentifier>{c7c34c2f-8d35-4cea-bf22-d8b36b503d41}</UniqueIdentifier>
      <Extensions>rc;ico;cur;bmp;dlg;rc2;rct;bin;rgs;gif;jpg;jpeg;jpe</Extensions>
    </Filter>
  </ItemGroup>
  <ItemGroup>
    <ClCompile Include="..\..\..\3rd_party\libtomcrypt\crypt-0.94\aes.c">
      <Filter>Source Files</Filter>
    </ClCompile>
    <ClCompile Include="..\..\..\3rd_party\libtomcrypt\crypt-0.94\aes_tab.c">
      <Filter>Source Files</Filter>
    </ClCompile>
    <ClCompile Include="..\..\..\3rd_party\libtomcrypt\crypt-0.94\cbc.c">
      <Filter>Source Files</Filter>
    </ClCompile>
    <ClCompile Include="..\..\..\3rd_party\libtomcrypt\crypt-0.94\crypt.c">
      <Filter>Source Files</Filter>
    </ClCompile>
    <ClCompile Include="src\main.c">
      <Filter>Source Files</Filter>
    </ClCompile>
  </ItemGroup>
</Project>