<?xml version="1.0" encoding="utf-8"?>
<Project ToolsVersion="4.0" xmlns="http://schemas.microsoft.com/developer/msbuild/2003">
  <ItemGroup>
    <Filter Include="Source Files">
      <UniqueIdentifier>{604c26b5-4484-4fbd-8fc5-d8f1be71cb9a}</UniqueIdentifier>
      <Extensions>cpp;c;cxx;def;odl;idl;hpj;bat;asm</Extensions>
    </Filter>
    <Filter Include="Header Files">
      <UniqueIdentifier>{54fdfa49-bfde-4207-a100-cddf3c2d4229}</UniqueIdentifier>
      <Extensions>h;hpp;hxx;hm;inl;inc</Extensions>
    </Filter>
    <Filter Include="Resource Files">
      <UniqueIdentifier>{d0063f75-6236-4cf8-9027-5e5450cd24e2}</UniqueIdentifier>
      <Extensions>rc;ico;cur;bmp;dlg;rc2;rct;bin;rgs;gif;jpg;jpeg;jpe</Extensions>
    </Filter>
  </ItemGroup>
  <ItemGroup>
    <ClCompile Include="..\..\..\..\3rd_party\libtomcrypt\crypt-1.17\src\modes\cbc\cbc_decrypt.c">
      <Filter>Source Files</Filter>
    </ClCompile>
    <ClCompile Include="..\..\..\..\3rd_party\libtomcrypt\crypt-1.17\src\modes\cbc\cbc_encrypt.c">
      <Filter>Source Files</Filter>
    </ClCompile>
    <ClCompile Include="..\..\..\..\3rd_party\libtomcrypt\crypt-1.17\src\modes\cbc\cbc_start.c">
      <Filter>Source Files</Filter>
    </ClCompile>
    <ClCompile Include="..\..\..\..\3rd_party\libtomcrypt\crypt-1.17\src\misc\crypt\crypt_cipher_descriptor.c">
      <Filter>Source Files</Filter>
    </ClCompile>
    <ClCompile Include="..\..\..\..\3rd_party\libtomcrypt\crypt-1.17\src\misc\crypt\crypt_cipher_is_valid.c">
      <Filter>Source Files</Filter>
    </ClCompile>
    <ClCompile Include="..\..\..\..\3rd_party\libtomcrypt\crypt-1.17\src\misc\crypt\crypt_find_cipher.c">
      <Filter>Source Files</Filter>
    </ClCompile>
    <ClCompile Include="..\..\..\..\3rd_party\libtomcrypt\crypt-1.17\src\misc\crypt\crypt_register_cipher.c">
      <Filter>Source Files</Filter>
    </ClCompile>
    <ClCompile Include="..\..\..\..\3rd_party\libtomcrypt\crypt-1.17\src\misc\crypt\crypt_unregister_cipher.c">
      <Filter>Source Files</Filter>
    </ClCompile>
    <ClCompile Include="..\..\..\..\Common\CYPHER_DRIVERS\CYPHER_RC6_ltc\FreeOTFECypherRC6_ltc.c">
      <Filter>Source Files</Filter>
    </ClCompile>
    <ClCompile Include="..\..\..\..\3rd_party\libtomcrypt\crypt-1.17\src\encauth\gcm\gcm_gf_mult.c">
      <Filter>Source Files</Filter>
    </ClCompile>
    <ClCompile Include="..\..\..\..\3rd_party\libtomcrypt\crypt-1.17\src\modes\lrw\lrw_decrypt.c">
      <Filter>Source Files</Filter>
    </ClCompile>
    <ClCompile Include="..\..\..\..\3rd_party\libtomcrypt\crypt-1.17\src\modes\lrw\lrw_encrypt.c">
      <Filter>Source Files</Filter>
    </ClCompile>
    <ClCompile Include="..\..\..\..\3rd_party\libtomcrypt\crypt-1.17\src\modes\lrw\lrw_process.c">
      <Filter>Source Files</Filter>
    </ClCompile>
    <ClCompile Include="..\..\..\..\3rd_party\libtomcrypt\crypt-1.17\src\modes\lrw\lrw_setiv.c">
      <Filter>Source Files</Filter>
    </ClCompile>
    <ClCompile Include="..\..\..\..\3rd_party\libtomcrypt\crypt-1.17\src\modes\lrw\lrw_start.c">
      <Filter>Source Files</Filter>
    </ClCompile>
    <ClCompile Include="..\..\..\..\3rd_party\libtomcrypt\crypt-1.17\src\ciphers\rc6.c">
      <Filter>Source Files</Filter>
    </ClCompile>
    <ClCompile Include="..\..\..\..\3rd_party\libtomcrypt\crypt-1.17\src\modes\xts\xts_decrypt.c">
      <Filter>Source Files</Filter>
    </ClCompile>
    <ClCompile Include="..\..\..\..\3rd_party\libtomcrypt\crypt-1.17\src\modes\xts\xts_encrypt.c">
      <Filter>Source Files</Filter>
    </ClCompile>
    <ClCompile Include="..\..\..\..\3rd_party\libtomcrypt\crypt-1.17\src\modes\xts\xts_init.c">
      <Filter>Source Files</Filter>
    </ClCompile>
    <ClCompile Include="..\..\..\..\3rd_party\libtomcrypt\crypt-1.17\src\modes\xts\xts_mult_x.c">
      <Filter>Source Files</Filter>
    </ClCompile>
    <ClCompile Include="..\..\..\..\3rd_party\libtomcrypt\crypt-1.17\src\misc\zeromem.c">
      <Filter>Source Files</Filter>
    </ClCompile>
  </ItemGroup>
  <ItemGroup>
    <ClInclude Include="..\..\..\..\Common\CYPHER_DRIVERS\CYPHER_RC6_ltc\FreeOTFECypherRC6_ltc.h">
      <Filter>Header Files</Filter>
    </ClInclude>
    <ClInclude Include="src\resource.h">
      <Filter>Header Files</Filter>
    </ClInclude>
  </ItemGroup>
  <ItemGroup>
    <ResourceCompile Include="src\FreeOTFECypherRC6_ltc.rc">
      <Filter>Resource Files</Filter>
    </ResourceCompile>
  </ItemGroup>
</Project>