	<Project xmlns="http://schemas.microsoft.com/developer/msbuild/2003">
		<PropertyGroup>
			<ProjectGuid>{8fa86640-fb27-4116-a366-d7a313c457ee}</ProjectGuid>
			<MainSource>OTFEScramDisk.dpk</MainSource>
			<Configuration Condition=" '$(Configuration)' == '' ">Debug</Configuration>
			<DCC_DCCCompiler>DCC32</DCC_DCCCompiler>
			<DCC_DependencyCheckOutputName>C:\Documents and Settings\All Users\Documents\RAD Studio\5.0\Bpl\OTFEScramDisk.bpl</DCC_DependencyCheckOutputName>
			<FrameworkType>VCL</FrameworkType>
			<ProjectVersion>13.4</ProjectVersion>
			<Base>True</Base>
			<Config Condition="'$(Config)'==''">Debug</Config>
			<Platform Condition="'$(Platform)'==''">Win32</Platform>
			<TargetedPlatforms>1</TargetedPlatforms>
			<AppType>Package</AppType>
		</PropertyGroup>
		<PropertyGroup Condition="'$(Config)'=='Base' or '$(Base)'!=''">
			<Base>true</Base>
		</PropertyGroup>
		<PropertyGroup Condition="('$(Platform)'=='Win64' and '$(Base)'=='true') or '$(Base_Win64)'!=''">
			<Base_Win64>true</Base_Win64>
			<CfgParent>Base</CfgParent>
			<Base>true</Base>
		</PropertyGroup>
		<PropertyGroup Condition="('$(Platform)'=='Win32' and '$(Base)'=='true') or '$(Base_Win32)'!=''">
			<Base_Win32>true</Base_Win32>
			<CfgParent>Base</CfgParent>
			<Base>true</Base>
		</PropertyGroup>
		<PropertyGroup Condition="'$(Config)'=='Release' or '$(Cfg_1)'!=''">
			<Cfg_1>true</Cfg_1>
			<CfgParent>Base</CfgParent>
			<Base>true</Base>
		</PropertyGroup>
		<PropertyGroup Condition="'$(Config)'=='Debug' or '$(Cfg_2)'!=''">
			<Cfg_2>true</Cfg_2>
			<CfgParent>Base</CfgParent>
			<Base>true</Base>
		</PropertyGroup>
		<PropertyGroup Condition="'$(Base)'!=''">
			<VerInfo_MajorVer>2</VerInfo_MajorVer>
			<DCC_LocalDebugSymbols>false</DCC_LocalDebugSymbols>
			<DCC_OutputNeverBuildDcps>true</DCC_OutputNeverBuildDcps>
			<VerInfo_IncludeVerInfo>true</VerInfo_IncludeVerInfo>
			<DCC_Description>OTFE: ScramDisk Delphi Component</DCC_Description>
			<DCC_WriteableConstants>true</DCC_WriteableConstants>
			<DCC_Namespace>Vcl;Vcl.Imaging;Vcl.Touch;Vcl.Samples;Vcl.Shell;System;Xml;Data;Datasnap;Web;Soap;Winapi;$(DCC_Namespace)</DCC_Namespace>
			<DCC_DebugInformation>false</DCC_DebugInformation>
			<DCC_AssertionsAtRuntime>false</DCC_AssertionsAtRuntime>
			<DCC_SymbolReferenceInfo>0</DCC_SymbolReferenceInfo>
			<GenDll>true</GenDll>
			<VerInfo_Locale>2057</VerInfo_Locale>
			<DCC_ImageBase>00400000</DCC_ImageBase>
			<VerInfo_Build>376</VerInfo_Build>
			<GenPackage>true</GenPackage>
			<VerInfo_Keys>CompanyName=Sarah Dean;FileDescription=TOTFEScramDisk (ScramDisk Delphi Component);FileVersion=2.0.0.376;InternalName=OTFEScramDiskDelphiComponent;LegalCopyright=(c) Kwik-Rite Development, Sarah Dean;LegalTrademarks=TkrScramDisk is a trademark of Kwik-Rite Development. OTFEScramDisk isn&apos;t;OriginalFilename=OTFEScramDisk.bpl;ProductName=OTFE ScramDisk Delphi Component;ProductVersion=2.0.0;Comments=http://www.SDean12.org/</VerInfo_Keys>
		</PropertyGroup>
		<PropertyGroup Condition="'$(Base_Win64)'!=''">
			<Icon_MainIcon>OTFEScramDisk_Icon4.ico</Icon_MainIcon>
		</PropertyGroup>
		<PropertyGroup Condition="'$(Base_Win32)'!=''">
			<Icon_MainIcon>OTFEScramDisk_Icon4.ico</Icon_MainIcon>
			<DCC_Namespace>Winapi;System.Win;Data.Win;Datasnap.Win;Web.Win;Soap.Win;Xml.Win;Bde;$(DCC_Namespace)</DCC_Namespace>
			<VerInfo_IncludeVerInfo>true</VerInfo_IncludeVerInfo>
			<VerInfo_Locale>1033</VerInfo_Locale>
			<VerInfo_Keys>CompanyName=;FileDescription=;FileVersion=1.0.0.0;InternalName=;LegalCopyright=;LegalTrademarks=;OriginalFilename=;ProductName=;ProductVersion=1.0.0.0;Comments=</VerInfo_Keys>
		</PropertyGroup>
		<PropertyGroup Condition="'$(Cfg_1)'!=''">
			<Version>7.0</Version>
			<DCC_AssertionsAtRuntime>False</DCC_AssertionsAtRuntime>
			<DCC_DebugInformation>False</DCC_DebugInformation>
			<DCC_WriteableConstants>True</DCC_WriteableConstants>
			<DCC_LocalDebugSymbols>False</DCC_LocalDebugSymbols>
			<DCC_SymbolReferenceInfo>0</DCC_SymbolReferenceInfo>
			<DCC_Define>RELEASE;$(DCC_Define)</DCC_Define>
			<DCC_UNSAFE_TYPE>True</DCC_UNSAFE_TYPE>
			<DCC_UNSAFE_CODE>True</DCC_UNSAFE_CODE>
			<DCC_UNSAFE_CAST>True</DCC_UNSAFE_CAST>
		</PropertyGroup>
		<PropertyGroup Condition="'$(Cfg_2)'!=''">
			<Version>7.0</Version>
			<DCC_AssertionsAtRuntime>False</DCC_AssertionsAtRuntime>
			<DCC_DebugInformation>False</DCC_DebugInformation>
			<DCC_WriteableConstants>True</DCC_WriteableConstants>
			<DCC_LocalDebugSymbols>False</DCC_LocalDebugSymbols>
			<DCC_SymbolReferenceInfo>0</DCC_SymbolReferenceInfo>
		</PropertyGroup>
		<ProjectExtensions>
			<Borland.Personality>Delphi.Personality.12</Borland.Personality>
			<Borland.ProjectType>Package</Borland.ProjectType>
			<BorlandProject>
				<Delphi.Personality>
					<Parameters>
						<Parameters Name="UseLauncher">False</Parameters>
						<Parameters Name="LoadAllSymbols">True</Parameters>
						<Parameters Name="LoadUnspecifiedSymbols">False</Parameters>
					</Parameters>
					<Language>
						<Language Name="ProjectLang">$00000809</Language>
					</Language>
					<VersionInfo>
						<VersionInfo Name="IncludeVerInfo">True</VersionInfo>
						<VersionInfo Name="AutoIncBuild">False</VersionInfo>
						<VersionInfo Name="MajorVer">2</VersionInfo>
						<VersionInfo Name="MinorVer">0</VersionInfo>
						<VersionInfo Name="Release">0</VersionInfo>
						<VersionInfo Name="Build">376</VersionInfo>
						<VersionInfo Name="Debug">False</VersionInfo>
						<VersionInfo Name="PreRelease">False</VersionInfo>
						<VersionInfo Name="Special">False</VersionInfo>
						<VersionInfo Name="Private">False</VersionInfo>
						<VersionInfo Name="DLL">False</VersionInfo>
						<VersionInfo Name="Locale">2057</VersionInfo>
						<VersionInfo Name="CodePage">1252</VersionInfo>
					</VersionInfo>
					<VersionInfoKeys>
						<VersionInfoKeys Name="CompanyName">Sarah Dean</VersionInfoKeys>
						<VersionInfoKeys Name="FileDescription">TOTFEScramDisk (ScramDisk Delphi Component)</VersionInfoKeys>
						<VersionInfoKeys Name="FileVersion">2.0.0.376</VersionInfoKeys>
						<VersionInfoKeys Name="InternalName">OTFEScramDiskDelphiComponent</VersionInfoKeys>
						<VersionInfoKeys Name="LegalCopyright">(c) Kwik-Rite Development, Sarah Dean</VersionInfoKeys>
						<VersionInfoKeys Name="LegalTrademarks">TkrScramDisk is a trademark of Kwik-Rite Development. OTFEScramDisk isn&apos;t</VersionInfoKeys>
						<VersionInfoKeys Name="OriginalFilename">OTFEScramDisk.bpl</VersionInfoKeys>
						<VersionInfoKeys Name="ProductName">OTFE ScramDisk Delphi Component</VersionInfoKeys>
						<VersionInfoKeys Name="ProductVersion">2.0.0</VersionInfoKeys>
						<VersionInfoKeys Name="Comments">http://www.SDean12.org/</VersionInfoKeys>
					</VersionInfoKeys>
					<Source>
						<Source Name="MainSource">OTFEScramDisk.dpk</Source>
					</Source>
				</Delphi.Personality>
				<Platforms>
					<Platform value="Win64">False</Platform>
					<Platform value="Win32">True</Platform>
				</Platforms>
			</BorlandProject>
			<ProjectFileVersion>12</ProjectFileVersion>
		</ProjectExtensions>
		<Import Project="$(BDS)\Bin\CodeGear.Delphi.Targets"/>
		<ItemGroup>
			<DelphiCompile Include="$(MainSource)">
				<MainSource>MainSource</MainSource>
			</DelphiCompile>
			<DCCReference Include="OTFEScramDisk_U.dcr"/>
			<DCCReference Include="vcl.dcp"/>
			<DCCReference Include="SDeanUtils.dcp"/>
			<DCCReference Include="OTFE.dcp"/>
			<DCCReference Include="Hash.dcp"/>
			<DCCReference Include="SDeanSecurity.dcp"/>
			<DCCReference Include="OTFEScramDisk_U.pas"/>
			<DCCReference Include="SdStructures_U.pas"/>
			<DCCReference Include="OTFEScramDiskDismountVolumes_U.pas">
				<Form>OTFEScramDiskDismountVolumes_F</Form>
			</DCCReference>
			<DCCReference Include="OTFEScramDiskPasswordEntry_U.pas">
				<Form>OTFEScramDiskPasswordEntry_F</Form>
			</DCCReference>
			<DCCReference Include="WindowsMissing_U.pas"/>
			<BuildConfiguration Include="Debug">
				<Key>Cfg_2</Key>
				<CfgParent>Base</CfgParent>
			</BuildConfiguration>
			<BuildConfiguration Include="Base">
				<Key>Base</Key>
			</BuildConfiguration>
			<BuildConfiguration Include="Release">
				<Key>Cfg_1</Key>
				<CfgParent>Base</CfgParent>
			</BuildConfiguration>
		</ItemGroup>
		<Import Condition="Exists('$(APPDATA)\Embarcadero\$(BDSAPPDATABASEDIR)\$(PRODUCTVERSION)\UserTools.proj')" Project="$(APPDATA)\Embarcadero\$(BDSAPPDATABASEDIR)\$(PRODUCTVERSION)\UserTools.proj"/>
	</Project>
