<Project xmlns="http://schemas.microsoft.com/developer/msbuild/2003">
  <PropertyGroup>
    <ProjectGuid>{a7351f33-69b9-4a4a-82f0-a6ece9aa4af5}</ProjectGuid>
    <MainSource>OTFEStrongDisk.dpk</MainSource>
    <Configuration Condition=" '$(Configuration)' == '' ">Debug</Configuration>
    <Platform Condition=" '$(Platform)' == '' ">AnyCPU</Platform>
    <DCC_DCCCompiler>DCC32</DCC_DCCCompiler>
    <DCC_DependencyCheckOutputName>C:\Documents and Settings\All Users\Documents\RAD Studio\5.0\Bpl\OTFEStrongDisk.bpl</DCC_DependencyCheckOutputName>
  </PropertyGroup>
  <PropertyGroup Condition=" '$(Configuration)|$(Platform)' == 'Release|AnyCPU' ">
    <Version>7.0</Version>
    <DCC_AssertionsAtRuntime>False</DCC_AssertionsAtRuntime>
    <DCC_DebugInformation>False</DCC_DebugInformation>
    <DCC_WriteableConstants>True</DCC_WriteableConstants>
    <DCC_LocalDebugSymbols>False</DCC_LocalDebugSymbols>
    <DCC_SymbolReferenceInfo>0</DCC_SymbolReferenceInfo>
    <DCC_Define>RELEASE</DCC_Define>
    <DCC_UNSAFE_TYPE>True</DCC_UNSAFE_TYPE>
    <DCC_UNSAFE_CODE>True</DCC_UNSAFE_CODE>
    <DCC_UNSAFE_CAST>True</DCC_UNSAFE_CAST>
  </PropertyGroup>
  <PropertyGroup Condition=" '$(Configuration)|$(Platform)' == 'Debug|AnyCPU' ">
    <Version>7.0</Version>
    <DCC_AssertionsAtRuntime>False</DCC_AssertionsAtRuntime>
    <DCC_DebugInformation>False</DCC_DebugInformation>
    <DCC_WriteableConstants>True</DCC_WriteableConstants>
    <DCC_LocalDebugSymbols>False</DCC_LocalDebugSymbols>
    <DCC_SymbolReferenceInfo>0</DCC_SymbolReferenceInfo>
  </PropertyGroup>
  <ProjectExtensions>
    <Borland.Personality>Delphi.Personality</Borland.Personality>
    <Borland.ProjectType>Package</Borland.ProjectType>
    <BorlandProject>
<BorlandProject><Delphi.Personality><Parameters><Parameters Name="UseLauncher">False</Parameters><Parameters Name="LoadAllSymbols">True</Parameters><Parameters Name="LoadUnspecifiedSymbols">False</Parameters></Parameters><Package_Options><Package_Options Name="PackageDescription">OTFE: StrongDisk Delphi Component</Package_Options><Package_Options Name="ImplicitBuild">False</Package_Options><Package_Options Name="DesigntimeOnly">False</Package_Options><Package_Options Name="RuntimeOnly">False</Package_Options></Package_Options><Language><Language Name="ProjectLang">$00000809</Language></Language><VersionInfo><VersionInfo Name="IncludeVerInfo">True</VersionInfo><VersionInfo Name="AutoIncBuild">False</VersionInfo><VersionInfo Name="MajorVer">1</VersionInfo><VersionInfo Name="MinorVer">0</VersionInfo><VersionInfo Name="Release">2</VersionInfo><VersionInfo Name="Build">233</VersionInfo><VersionInfo Name="Debug">False</VersionInfo><VersionInfo Name="PreRelease">False</VersionInfo><VersionInfo Name="Special">False</VersionInfo><VersionInfo Name="Private">False</VersionInfo><VersionInfo Name="DLL">False</VersionInfo><VersionInfo Name="Locale">2057</VersionInfo><VersionInfo Name="CodePage">1252</VersionInfo></VersionInfo><VersionInfoKeys><VersionInfoKeys Name="CompanyName">Sarah Dean</VersionInfoKeys><VersionInfoKeys Name="FileDescription">TOTFEE4M (E4M Delphi Component)</VersionInfoKeys><VersionInfoKeys Name="FileVersion">1.0.2.233</VersionInfoKeys><VersionInfoKeys Name="InternalName">OTFEE4MDelphiComponent</VersionInfoKeys><VersionInfoKeys Name="LegalCopyright">(c) Sarah Dean</VersionInfoKeys><VersionInfoKeys Name="LegalTrademarks"></VersionInfoKeys><VersionInfoKeys Name="OriginalFilename">OTFEE4M.bpl</VersionInfoKeys><VersionInfoKeys Name="ProductName">OTFE E4M Delphi Component</VersionInfoKeys><VersionInfoKeys Name="ProductVersion">1.0.2</VersionInfoKeys><VersionInfoKeys Name="Comments">http://www.SDean12.org/</VersionInfoKeys></VersionInfoKeys><Source><Source Name="MainSource">OTFEStrongDisk.dpk</Source></Source></Delphi.Personality></BorlandProject></BorlandProject>
  </ProjectExtensions>
  <Import Project="$(MSBuildBinPath)\Borland.Delphi.Targets" />
  <ItemGroup>
    <DelphiCompile Include="OTFEStrongDisk.dpk">
      <MainSource>MainSource</MainSource>
    </DelphiCompile>
    <DCCReference Include="C:\Documents and Settings\Administrator\OTFE.dcp" />
    <DCCReference Include="C:\Documents and Settings\Administrator\SDeanUtils.dcp" />
    <DCCReference Include="C:\Documents and Settings\Administrator\vcl.dcp" />
    <DCCReference Include="C:\Documents and Settings\Administrator\vclx.dcp" />
    <DCCReference Include="OTFEStrongDiskConsts_U.pas" />
    <DCCReference Include="OTFEStrongDiskPasswordEntry_U.pas">
      <Form>OTFEStrongDiskPasswordEntry_F</Form>
    </DCCReference>
    <DCCReference Include="OTFEStrongDisk_U.dcr" />
    <DCCReference Include="OTFEStrongDisk_U.dcr" />
    <DCCReference Include="OTFEStrongDisk_U.pas" />
  </ItemGroup>
</Project>