
Microsoft Visual Studio Solution File, Format Version 11.00
# Visual Studio 2010
Project("{8BC9CEB8-8B4A-11D0-8D11-00A0C91BC942}") = "DRIVER", "DRIVER.vcxproj", "{CAC0DBAC-4CD2-432D-9E38-E77467661CAF}"
EndProject
Global
	GlobalSection(SolutionConfigurationPlatforms) = preSolution
		Debug|Win32 = Debug|Win32
		Release|Win32 = Release|Win32
	EndGlobalSection
	GlobalSection(ProjectConfigurationPlatforms) = postSolution
		{CAC0DBAC-4CD2-432D-9E38-E77467661CAF}.Debug|Win32.ActiveCfg = Debug|Win32
		{CAC0DBAC-4CD2-432D-9E38-E77467661CAF}.Debug|Win32.Build.0 = Debug|Win32
		{CAC0DBAC-4CD2-432D-9E38-E77467661CAF}.Release|Win32.ActiveCfg = Release|Win32
		{CAC0DBAC-4CD2-432D-9E38-E77467661CAF}.Release|Win32.Build.0 = Release|Win32
	EndGlobalSection
	GlobalSection(SolutionProperties) = preSolution
		HideSolutionNode = FALSE
	EndGlobalSection
EndGlobal
