<?xml version="1.0" encoding="utf-8"?>
<Project ToolsVersion="4.0" xmlns="http://schemas.microsoft.com/developer/msbuild/2003">
  <ItemGroup>
    <Filter Include="Source Files">
      <UniqueIdentifier>{4FC737F1-C7A5-4376-A066-2A32D752A2FF}</UniqueIdentifier>
      <Extensions>cpp;c;cc;cxx;def;odl;idl;hpj;bat;asm;asmx</Extensions>
    </Filter>
    <Filter Include="Header Files">
      <UniqueIdentifier>{93995380-89BD-4b04-88EB-625FBE52EBFB}</UniqueIdentifier>
      <Extensions>h;hpp;hxx;hm;inl;inc;xsd</Extensions>
    </Filter>
    <Filter Include="Resource Files">
      <UniqueIdentifier>{67DA6AB6-F800-4c08-8B7A-83BB121AAD01}</UniqueIdentifier>
      <Extensions>rc;ico;cur;bmp;dlg;rc2;rct;bin;rgs;gif;jpg;jpeg;jpe;resx;tiff;tif;png;wav</Extensions>
    </Filter>
  </ItemGroup>
  <ItemGroup>
    <ClCompile Include="src\FreeOTFE4PDA.c">
      <Filter>Source Files</Filter>
    </ClCompile>
    <ClCompile Include="src\FreeOTFE4PDAContextMgrDevice.c">
      <Filter>Source Files</Filter>
    </ClCompile>
    <ClCompile Include="src\FreeOTFE4PDAContextMgrOpen.c">
      <Filter>Source Files</Filter>
    </ClCompile>
    <ClCompile Include="..\Common\src\FreeOTFE4PDADriverlib.c">
      <Filter>Source Files</Filter>
    </ClCompile>
    <ClCompile Include="..\..\Common\src\FreeOTFE4PDAlib.c">
      <Filter>Source Files</Filter>
    </ClCompile>
    <ClCompile Include="..\..\Common\src\FreeOTFE4PDARegistry.c">
      <Filter>Source Files</Filter>
    </ClCompile>
    <ClCompile Include="..\..\..\Common\DRIVER\src\FreeOTFEBlockCalc.c">
      <Filter>Source Files</Filter>
    </ClCompile>
    <ClCompile Include="..\..\..\Common\DRIVER\src\FreeOTFECallModuleFn.c">
      <Filter>Source Files</Filter>
    </ClCompile>
    <ClCompile Include="..\..\..\Common\DRIVER\src\FreeOTFEContext.c">
      <Filter>Source Files</Filter>
    </ClCompile>
    <ClCompile Include="..\..\..\Common\CYPHER_DRIVERS\Common\src\FreeOTFECypherAPICommon.c">
      <Filter>Source Files</Filter>
    </ClCompile>
    <ClCompile Include="..\..\..\Common\Common\src\FreeOTFEDebug.c">
      <Filter>Source Files</Filter>
    </ClCompile>
    <ClCompile Include="..\..\..\Common\DRIVER\src\FreeOTFEGenerateBlockIV.c">
      <Filter>Source Files</Filter>
    </ClCompile>
    <ClCompile Include="..\..\..\Common\DRIVER\src\FreeOTFEKDFHashSaltedPassword.c">
      <Filter>Source Files</Filter>
    </ClCompile>
    <ClCompile Include="..\..\..\Common\DRIVER\src\FreeOTFEKDFPBKDF2.c">
      <Filter>Source Files</Filter>
    </ClCompile>
    <ClCompile Include="..\..\..\Common\Common\src\FreeOTFElib.c">
      <Filter>Source Files</Filter>
    </ClCompile>
    <ClCompile Include="..\..\..\Common\DRIVER\src\FreeOTFEMACHash.c">
      <Filter>Source Files</Filter>
    </ClCompile>
    <ClCompile Include="..\..\..\Common\DRIVER\src\FreeOTFEMACHMAC.c">
      <Filter>Source Files</Filter>
    </ClCompile>
    <ClCompile Include="..\..\..\Common\Common\src\FreeOTFENULLGUID.c">
      <Filter>Source Files</Filter>
    </ClCompile>
    <ClCompile Include="..\..\..\Common\Common\src\SDUGeneral.c">
      <Filter>Source Files</Filter>
    </ClCompile>
  </ItemGroup>
  <ItemGroup>
    <None Include="inc\FreeOTFE4PDA.def">
      <Filter>Source Files</Filter>
    </None>
  </ItemGroup>
  <ItemGroup>
    <ClInclude Include="inc\FreeOTFE4PDA.h">
      <Filter>Header Files</Filter>
    </ClInclude>
    <ClInclude Include="..\..\Common\inc\FreeOTFE4PDAAPI.h">
      <Filter>Header Files</Filter>
    </ClInclude>
    <ClInclude Include="inc\FreeOTFE4PDAAPIConsts.h">
      <Filter>Header Files</Filter>
    </ClInclude>
    <ClInclude Include="src\FreeOTFE4PDAContextMgrDevice.h">
      <Filter>Header Files</Filter>
    </ClInclude>
    <ClInclude Include="src\FreeOTFE4PDAContextMgrOpen.h">
      <Filter>Header Files</Filter>
    </ClInclude>
    <ClInclude Include="..\CYPHER_DRIVERS\Common\inc\FreeOTFE4PDACypherAPI.h">
      <Filter>Header Files</Filter>
    </ClInclude>
    <ClInclude Include="..\Common\inc\FreeOTFE4PDADriverlib.h">
      <Filter>Header Files</Filter>
    </ClInclude>
    <ClInclude Include="..\HASH_DRIVERS\Common\inc\FreeOTFE4PDAHashAPI.h">
      <Filter>Header Files</Filter>
    </ClInclude>
    <ClInclude Include="..\..\Common\inc\FreeOTFE4PDAlib.h">
      <Filter>Header Files</Filter>
    </ClInclude>
    <ClInclude Include="..\..\Common\inc\FreeOTFE4PDARegistry.h">
      <Filter>Header Files</Filter>
    </ClInclude>
    <ClInclude Include="..\..\..\Common\DRIVER\inc\FreeOTFEAPIConstsCommon.h">
      <Filter>Header Files</Filter>
    </ClInclude>
    <ClInclude Include="..\..\..\Common\DRIVER\inc\FreeOTFEAPITypes.h">
      <Filter>Header Files</Filter>
    </ClInclude>
    <ClInclude Include="..\..\..\Common\DRIVER\inc\FreeOTFEBlockCalc.h">
      <Filter>Header Files</Filter>
    </ClInclude>
    <ClInclude Include="..\..\..\Common\DRIVER\inc\FreeOTFECallModuleFn.h">
      <Filter>Header Files</Filter>
    </ClInclude>
    <ClInclude Include="..\..\..\Common\DRIVER\inc\FreeOTFEContext.h">
      <Filter>Header Files</Filter>
    </ClInclude>
    <ClInclude Include="..\..\..\Common\CYPHER_DRIVERS\Common\inc\FreeOTFECypherAPICommon.h">
      <Filter>Header Files</Filter>
    </ClInclude>
    <ClInclude Include="..\..\..\Common\Common\inc\FreeOTFEDebug.h">
      <Filter>Header Files</Filter>
    </ClInclude>
    <ClInclude Include="..\..\..\Common\DRIVER\inc\FreeOTFEDriverConstsCommon.h">
      <Filter>Header Files</Filter>
    </ClInclude>
    <ClInclude Include="..\..\..\Common\DRIVER\inc\FreeOTFEGenerateBlockIV.h">
      <Filter>Header Files</Filter>
    </ClInclude>
    <ClInclude Include="..\..\..\Common\DRIVER\inc\FreeOTFEKDFHashSaltedPassword.h">
      <Filter>Header Files</Filter>
    </ClInclude>
    <ClInclude Include="..\..\..\Common\DRIVER\inc\FreeOTFEKDFPBKDF2.h">
      <Filter>Header Files</Filter>
    </ClInclude>
    <ClInclude Include="..\..\..\Common\Common\inc\FreeOTFElib.h">
      <Filter>Header Files</Filter>
    </ClInclude>
    <ClInclude Include="..\..\..\Common\DRIVER\inc\FreeOTFEMACHash.h">
      <Filter>Header Files</Filter>
    </ClInclude>
    <ClInclude Include="..\..\..\Common\DRIVER\inc\FreeOTFEMACHMAC.h">
      <Filter>Header Files</Filter>
    </ClInclude>
    <ClInclude Include="..\..\..\Common\Common\inc\FreeOTFENULLGUID.h">
      <Filter>Header Files</Filter>
    </ClInclude>
    <ClInclude Include="..\..\..\Common\Common\inc\FreeOTFEPlatform.h">
      <Filter>Header Files</Filter>
    </ClInclude>
    <ClInclude Include="src\resource.h">
      <Filter>Header Files</Filter>
    </ClInclude>
    <ClInclude Include="..\..\..\Common\Common\inc\SDUGeneral.h">
      <Filter>Header Files</Filter>
    </ClInclude>
  </ItemGroup>
  <ItemGroup>
    <ResourceCompile Include="src\FreeOTFE4PDA.rc">
      <Filter>Resource Files</Filter>
    </ResourceCompile>
  </ItemGroup>
</Project>