	<Project xmlns="http://schemas.microsoft.com/developer/msbuild/2003">
		<PropertyGroup>
			<ProjectGuid>{65dbb499-ea7b-47b1-a21a-91afb57f1f3d}</ProjectGuid>
			<MainSource>SDeanSecurity.dpk</MainSource>
			<Configuration Condition=" '$(Configuration)' == '' ">Debug</Configuration>
			<DCC_DCCCompiler>DCC32</DCC_DCCCompiler>
			<DCC_DependencyCheckOutputName>C:\Documents and Settings\All Users\Documents\RAD Studio\5.0\Bpl\SDeanSecurity.bpl</DCC_DependencyCheckOutputName>
			<FrameworkType>VCL</FrameworkType>
			<ProjectVersion>13.4</ProjectVersion>
			<Base>True</Base>
			<Config Condition="'$(Config)'==''">Debug</Config>
			<Platform Condition="'$(Platform)'==''">Win32</Platform>
			<TargetedPlatforms>1</TargetedPlatforms>
			<AppType>Package</AppType>
		</PropertyGroup>
		<PropertyGroup Condition="'$(Config)'=='Base' or '$(Base)'!=''">
			<Base>true</Base>
		</PropertyGroup>
		<PropertyGroup Condition="('$(Platform)'=='Win64' and '$(Base)'=='true') or '$(Base_Win64)'!=''">
			<Base_Win64>true</Base_Win64>
			<CfgParent>Base</CfgParent>
			<Base>true</Base>
		</PropertyGroup>
		<PropertyGroup Condition="('$(Platform)'=='Win32' and '$(Base)'=='true') or '$(Base_Win32)'!=''">
			<Base_Win32>true</Base_Win32>
			<CfgParent>Base</CfgParent>
			<Base>true</Base>
		</PropertyGroup>
		<PropertyGroup Condition="'$(Config)'=='Release' or '$(Cfg_1)'!=''">
			<Cfg_1>true</Cfg_1>
			<CfgParent>Base</CfgParent>
			<Base>true</Base>
		</PropertyGroup>
		<PropertyGroup Condition="'$(Config)'=='Debug' or '$(Cfg_2)'!=''">
			<Cfg_2>true</Cfg_2>
			<CfgParent>Base</CfgParent>
			<Base>true</Base>
		</PropertyGroup>
		<PropertyGroup Condition="('$(Platform)'=='Win32' and '$(Cfg_2)'=='true') or '$(Cfg_2_Win32)'!=''">
			<Cfg_2_Win32>true</Cfg_2_Win32>
			<CfgParent>Cfg_2</CfgParent>
			<Cfg_2>true</Cfg_2>
			<Base>true</Base>
		</PropertyGroup>
		<PropertyGroup Condition="'$(Base)'!=''">
			<DCC_UnitSearchPath>P:\Projects\Delphi\doxbox\SDeanComponents\Components\SDeanUtils\;$(DCC_UnitSearchPath)</DCC_UnitSearchPath>
			<VerInfo_IncludeVerInfo>true</VerInfo_IncludeVerInfo>
			<VerInfo_MinorVer>5</VerInfo_MinorVer>
			<VerInfo_Build>301</VerInfo_Build>
			<DCC_OutputNeverBuildDcps>true</DCC_OutputNeverBuildDcps>
			<DCC_Description>SDeanSecurity Components</DCC_Description>
			<DCC_WriteableConstants>true</DCC_WriteableConstants>
			<VerInfo_MajorVer>2</VerInfo_MajorVer>
			<DCC_Namespace>Vcl;Vcl.Imaging;Vcl.Touch;Vcl.Samples;Vcl.Shell;System;Xml;Data;Datasnap;Web;Soap;Winapi;System.Win;$(DCC_Namespace)</DCC_Namespace>
			<VerInfo_Locale>1033</VerInfo_Locale>
			<DCC_SymbolReferenceInfo>0</DCC_SymbolReferenceInfo>
			<GenDll>true</GenDll>
			<VerInfo_Release>5</VerInfo_Release>
			<VerInfo_Keys>CompanyName=Sarah Dean;FileDescription=Sarah Dean Security Components;FileVersion=2.5.5.301;InternalName=Sarah Dean Security Components;LegalCopyright=(c) Sarah Dean;LegalTrademarks=;OriginalFilename=SDeanSecurity.bpl;ProductName=Sarah Dean Security Components;ProductVersion=2.5.0;Comments=http://www.SDean12.org/</VerInfo_Keys>
			<DCC_ImageBase>00400000</DCC_ImageBase>
			<GenPackage>true</GenPackage>
			<DCC_GenerateStackFrames>true</DCC_GenerateStackFrames>
		</PropertyGroup>
		<PropertyGroup Condition="'$(Base_Win64)'!=''">
			<Icon_MainIcon>SDeanSecurity_Icon2.ico</Icon_MainIcon>
		</PropertyGroup>
		<PropertyGroup Condition="'$(Base_Win32)'!=''">
			<Icon_MainIcon>SDeanSecurity_Icon2.ico</Icon_MainIcon>
			<DCC_Namespace>Data.Win;Datasnap.Win;Web.Win;Soap.Win;Xml.Win;Bde;$(DCC_Namespace)</DCC_Namespace>
			<VerInfo_IncludeVerInfo>true</VerInfo_IncludeVerInfo>
			<VerInfo_Locale>1033</VerInfo_Locale>
			<VerInfo_Keys>CompanyName=;FileDescription=;FileVersion=1.0.0.0;InternalName=;LegalCopyright=;LegalTrademarks=;OriginalFilename=;ProductName=;ProductVersion=1.0.0.0;Comments=</VerInfo_Keys>
		</PropertyGroup>
		<PropertyGroup Condition="'$(Cfg_1)'!=''">
			<Version>7.0</Version>
			<DCC_DebugInformation>False</DCC_DebugInformation>
			<DCC_WriteableConstants>True</DCC_WriteableConstants>
			<DCC_LocalDebugSymbols>False</DCC_LocalDebugSymbols>
			<DCC_GenerateStackFrames>True</DCC_GenerateStackFrames>
			<DCC_SymbolReferenceInfo>0</DCC_SymbolReferenceInfo>
			<DCC_Define>RELEASE;$(DCC_Define)</DCC_Define>
			<DCC_UNSAFE_TYPE>True</DCC_UNSAFE_TYPE>
			<DCC_UNSAFE_CODE>True</DCC_UNSAFE_CODE>
			<DCC_UNSAFE_CAST>True</DCC_UNSAFE_CAST>
		</PropertyGroup>
		<PropertyGroup Condition="'$(Cfg_2)'!=''">
			<Version>7.0</Version>
			<DCC_WriteableConstants>True</DCC_WriteableConstants>
			<DCC_GenerateStackFrames>True</DCC_GenerateStackFrames>
			<DCC_SymbolReferenceInfo>0</DCC_SymbolReferenceInfo>
		</PropertyGroup>
		<PropertyGroup Condition="'$(Cfg_2_Win32)'!=''">
			<VerInfo_Keys>CompanyName=;FileDescription=;FileVersion=1.0.0.0;InternalName=;LegalCopyright=;LegalTrademarks=;OriginalFilename=;ProductName=;ProductVersion=1.0.0.0;Comments=</VerInfo_Keys>
		</PropertyGroup>
		<ProjectExtensions>
			<Borland.Personality>Delphi.Personality.12</Borland.Personality>
			<Borland.ProjectType>Package</Borland.ProjectType>
			<BorlandProject>
				<Delphi.Personality>
					<Parameters>
						<Parameters Name="UseLauncher">False</Parameters>
						<Parameters Name="LoadAllSymbols">True</Parameters>
						<Parameters Name="LoadUnspecifiedSymbols">False</Parameters>
					</Parameters>
					<Language>
						<Language Name="ProjectLang">$00000809</Language>
					</Language>
					<VersionInfo>
						<VersionInfo Name="IncludeVerInfo">True</VersionInfo>
						<VersionInfo Name="AutoIncBuild">False</VersionInfo>
						<VersionInfo Name="MajorVer">2</VersionInfo>
						<VersionInfo Name="MinorVer">5</VersionInfo>
						<VersionInfo Name="Release">5</VersionInfo>
						<VersionInfo Name="Build">301</VersionInfo>
						<VersionInfo Name="Debug">False</VersionInfo>
						<VersionInfo Name="PreRelease">False</VersionInfo>
						<VersionInfo Name="Special">False</VersionInfo>
						<VersionInfo Name="Private">False</VersionInfo>
						<VersionInfo Name="DLL">False</VersionInfo>
						<VersionInfo Name="Locale">1033</VersionInfo>
						<VersionInfo Name="CodePage">1252</VersionInfo>
					</VersionInfo>
					<VersionInfoKeys>
						<VersionInfoKeys Name="CompanyName">Sarah Dean</VersionInfoKeys>
						<VersionInfoKeys Name="FileDescription">Sarah Dean Security Components</VersionInfoKeys>
						<VersionInfoKeys Name="FileVersion">2.5.5.301</VersionInfoKeys>
						<VersionInfoKeys Name="InternalName">Sarah Dean Security Components</VersionInfoKeys>
						<VersionInfoKeys Name="LegalCopyright">(c) Sarah Dean</VersionInfoKeys>
						<VersionInfoKeys Name="LegalTrademarks"/>
						<VersionInfoKeys Name="OriginalFilename">SDeanSecurity.bpl</VersionInfoKeys>
						<VersionInfoKeys Name="ProductName">Sarah Dean Security Components</VersionInfoKeys>
						<VersionInfoKeys Name="ProductVersion">2.5.0</VersionInfoKeys>
						<VersionInfoKeys Name="Comments">http://www.SDean12.org/</VersionInfoKeys>
					</VersionInfoKeys>
					<Source>
						<Source Name="MainSource">SDeanSecurity.dpk</Source>
					</Source>
					<Excluded_Packages>
						<Excluded_Packages Name="$(BDSBIN)\dclIPIndyImpl160.bpl">IP Abstraction Indy Implementation Design Time</Excluded_Packages>
						<Excluded_Packages Name="C:\USERS\PUBLIC\DOCUMENTS\RAD STUDIO\9.0\bpl\dcllmdelcore160.bpl">LMD 2014 - ElPack Core Components</Excluded_Packages>
						<Excluded_Packages Name="$(BDSBIN)\dcloffice2k160.bpl">Microsoft Office 2000 Sample Automation Server Wrapper Components</Excluded_Packages>
						<Excluded_Packages Name="$(BDSBIN)\dclofficexp160.bpl">Microsoft Office XP Sample Automation Server Wrapper Components</Excluded_Packages>
						<Excluded_Packages Name="C:\Apps\TMS Component Pack\DelphiXE2\TMSDeDXE2.bpl">TMS Component Pack design time support</Excluded_Packages>
					</Excluded_Packages>
				</Delphi.Personality>
				<Platforms>
					<Platform value="Win64">False</Platform>
					<Platform value="Win32">True</Platform>
				</Platforms>
			</BorlandProject>
			<ProjectFileVersion>12</ProjectFileVersion>
		</ProjectExtensions>
		<Import Project="$(BDS)\Bin\CodeGear.Delphi.Targets"/>
		<ItemGroup>
			<DelphiCompile Include="$(MainSource)">
				<MainSource>MainSource</MainSource>
			</DelphiCompile>
			<DCCReference Include="KeyboardDialog\KeyboardDialog_U.dcr"/>
			<DCCReference Include="Shredder\Shredder.dcr"/>
			<DCCReference Include="MouseRNG\MouseRNG.dcr"/>
			<DCCReference Include="MouseRNGDialog\MouseRNGDialog_U.dcr"/>
			<DCCReference Include="PasswordRichedit\PasswordRichEdit.dcr"/>
			<DCCReference Include="vcl.dcp"/>
			<DCCReference Include="vclx.dcp"/>
			<DCCReference Include="vclsmp.dcp"/>
			<DCCReference Include="Hash.dcp"/>
			<DCCReference Include="rtl.dcp"/>
			<DCCReference Include="SDeanUtilsXE.dcp"/>
			<DCCReference Include="KeyboardDialog\KeyboardDialog_U.pas"/>
			<DCCReference Include="KeyboardDialog\KeyboardEntryDlg_U.pas">
				<Form>KeyboardEntryDlg</Form>
			</DCCReference>
			<DCCReference Include="Shredder\Shredder.pas"/>
			<DCCReference Include="Shredder\FileList_U.pas">
				<Form>FileList_F</Form>
			</DCCReference>
			<DCCReference Include="MouseRNG\MouseRNG.pas"/>
			<DCCReference Include="MSCryptoAPI\MSCryptoAPI.pas"/>
			<DCCReference Include="MouseRNGDialog\MouseRNGCaptureDlg_U.pas">
				<Form>MouseRNGCaptureDlg</Form>
			</DCCReference>
			<DCCReference Include="MouseRNGDialog\MouseRNGDialog_U.pas"/>
			<DCCReference Include="PasswordRichEdit\PasswordRichEdit.pas"/>
			<DCCReference Include="AFSplitter\AFSplitter.pas"/>
			<DCCReference Include="HMAC\HMAC.pas"/>
			<DCCReference Include="PKCS#11\pkcs11_api.pas"/>
			<DCCReference Include="PKCS#11\pkcs11_attribute.pas"/>
			<DCCReference Include="PKCS#11\pkcs11_mechanism.pas"/>
			<DCCReference Include="PKCS#11\pkcs11_library.pas"/>
			<DCCReference Include="PKCS#11\pkcs11_object.pas"/>
			<DCCReference Include="PKCS#11\pkcs11_session.pas"/>
			<DCCReference Include="PKCS#11\pkcs11_slot.pas"/>
			<DCCReference Include="PKCS#11\pkcs11_token.pas"/>
			<DCCReference Include="PKCS#11\pkcs11f.pas"/>
			<DCCReference Include="PKCS#11\pkcs11t.pas"/>
			<DCCReference Include="PKCS#11\pkcs11_slot_event_thread.pas"/>
			<DCCReference Include="PKCS#11\PKCS11LibrarySelectDlg.pas">
				<Form>PKCS11LibrarySelectDialog</Form>
			</DCCReference>
			<DCCReference Include="PKCS#11\PKCS11KnownLibs.pas"/>
			<BuildConfiguration Include="Debug">
				<Key>Cfg_2</Key>
				<CfgParent>Base</CfgParent>
			</BuildConfiguration>
			<BuildConfiguration Include="Base">
				<Key>Base</Key>
			</BuildConfiguration>
			<BuildConfiguration Include="Release">
				<Key>Cfg_1</Key>
				<CfgParent>Base</CfgParent>
			</BuildConfiguration>
		</ItemGroup>
		<Import Condition="Exists('$(APPDATA)\Embarcadero\$(BDSAPPDATABASEDIR)\$(PRODUCTVERSION)\UserTools.proj')" Project="$(APPDATA)\Embarcadero\$(BDSAPPDATABASEDIR)\$(PRODUCTVERSION)\UserTools.proj"/>
	</Project>
