<?xml version="1.0" encoding="utf-8"?>
<Project ToolsVersion="4.0" xmlns="http://schemas.microsoft.com/developer/msbuild/2003">
  <ItemGroup>
    <Filter Include="Source Files">
      <UniqueIdentifier>{1c9b1971-fec2-4852-8c4d-3e8eccb79320}</UniqueIdentifier>
      <Extensions>cpp;c;cxx;def;odl;idl;hpj;bat;asm</Extensions>
    </Filter>
    <Filter Include="Header Files">
      <UniqueIdentifier>{feff3de5-188e-4669-bd0e-67a3b8fb73ac}</UniqueIdentifier>
      <Extensions>h;hpp;hxx;hm;inl;inc</Extensions>
    </Filter>
    <Filter Include="Resource Files">
      <UniqueIdentifier>{37b15ca9-6fc8-49a9-aa8e-7943448723cb}</UniqueIdentifier>
      <Extensions>rc;ico;cur;bmp;dlg;rc2;rct;bin;rgs;gif;jpg;jpeg;jpe</Extensions>
    </Filter>
  </ItemGroup>
  <ItemGroup>
    <ClCompile Include="src\FreeOTFE.c">
      <Filter>Source Files</Filter>
    </ClCompile>
    <ClCompile Include="..\..\..\Common\DRIVER\src\FreeOTFEBlockCalc.c">
      <Filter>Source Files</Filter>
    </ClCompile>
    <ClCompile Include="..\..\..\Common\DRIVER\src\FreeOTFECallModuleFn.c">
      <Filter>Source Files</Filter>
    </ClCompile>
    <ClCompile Include="..\..\..\Common\DRIVER\src\FreeOTFEContext.c">
      <Filter>Source Files</Filter>
    </ClCompile>
    <ClCompile Include="..\..\..\Common\CYPHER_DRIVERS\Common\src\FreeOTFECypherAPICommon.c">
      <Filter>Source Files</Filter>
    </ClCompile>
    <ClCompile Include="..\..\..\Common\Common\src\FreeOTFEDebug.c">
      <Filter>Source Files</Filter>
    </ClCompile>
    <ClCompile Include="..\Common\src\FreeOTFEDriverlib.c">
      <Filter>Source Files</Filter>
    </ClCompile>
    <ClCompile Include="..\..\..\Common\DRIVER\src\FreeOTFEGenerateBlockIV.c">
      <Filter>Source Files</Filter>
    </ClCompile>
    <ClCompile Include="..\..\..\Common\DRIVER\src\FreeOTFEKDFHashSaltedPassword.c">
      <Filter>Source Files</Filter>
    </ClCompile>
    <ClCompile Include="..\..\..\Common\DRIVER\src\FreeOTFEKDFPBKDF2.c">
      <Filter>Source Files</Filter>
    </ClCompile>
    <ClCompile Include="..\..\..\Common\Common\src\FreeOTFElib.c">
      <Filter>Source Files</Filter>
    </ClCompile>
    <ClCompile Include="..\..\..\Common\DRIVER\src\FreeOTFEMACHash.c">
      <Filter>Source Files</Filter>
    </ClCompile>
    <ClCompile Include="..\..\..\Common\DRIVER\src\FreeOTFEMACHMAC.c">
      <Filter>Source Files</Filter>
    </ClCompile>
    <ClCompile Include="..\..\..\Common\Common\src\FreeOTFENULLGUID.c">
      <Filter>Source Files</Filter>
    </ClCompile>
  </ItemGroup>
  <ItemGroup>
    <ClInclude Include="src\FreeOTFE.h">
      <Filter>Header Files</Filter>
    </ClInclude>
    <ClInclude Include="inc\FreeOTFEAPI.h">
      <Filter>Header Files</Filter>
    </ClInclude>
    <ClInclude Include="inc\FreeOTFEAPIConsts.h">
      <Filter>Header Files</Filter>
    </ClInclude>
    <ClInclude Include="..\..\..\Common\DRIVER\inc\FreeOTFEAPIConstsCommon.h">
      <Filter>Header Files</Filter>
    </ClInclude>
    <ClInclude Include="..\..\..\Common\DRIVER\inc\FreeOTFEAPITypes.h">
      <Filter>Header Files</Filter>
    </ClInclude>
    <ClInclude Include="..\..\..\Common\DRIVER\inc\FreeOTFEBlockCalc.h">
      <Filter>Header Files</Filter>
    </ClInclude>
    <ClInclude Include="..\..\..\Common\DRIVER\inc\FreeOTFECallModuleFn.h">
      <Filter>Header Files</Filter>
    </ClInclude>
    <ClInclude Include="..\..\..\Common\DRIVER\inc\FreeOTFEContext.h">
      <Filter>Header Files</Filter>
    </ClInclude>
    <ClInclude Include="..\CYPHER_DRIVERS\Common\inc\FreeOTFECypherAPI.h">
      <Filter>Header Files</Filter>
    </ClInclude>
    <ClInclude Include="..\..\..\Common\CYPHER_DRIVERS\Common\inc\FreeOTFECypherAPICommon.h">
      <Filter>Header Files</Filter>
    </ClInclude>
    <ClInclude Include="..\..\..\Common\Common\inc\FreeOTFEDebug.h">
      <Filter>Header Files</Filter>
    </ClInclude>
    <ClInclude Include="..\..\..\Common\DRIVER\inc\FreeOTFEDriverConstsCommon.h">
      <Filter>Header Files</Filter>
    </ClInclude>
    <ClInclude Include="..\Common\inc\FreeOTFEDriverlib.h">
      <Filter>Header Files</Filter>
    </ClInclude>
    <ClInclude Include="..\..\..\Common\DRIVER\inc\FreeOTFEGenerateBlockIV.h">
      <Filter>Header Files</Filter>
    </ClInclude>
    <ClInclude Include="..\HASH_DRIVERS\Common\inc\FreeOTFEHashAPI.h">
      <Filter>Header Files</Filter>
    </ClInclude>
    <ClInclude Include="..\..\..\Common\HASH_DRIVERS\Common\inc\FreeOTFEHashAPICommon.h">
      <Filter>Header Files</Filter>
    </ClInclude>
    <ClInclude Include="..\..\..\Common\DRIVER\inc\FreeOTFEKDFHashSaltedPassword.h">
      <Filter>Header Files</Filter>
    </ClInclude>
    <ClInclude Include="..\..\..\Common\DRIVER\inc\FreeOTFEKDFPBKDF2.h">
      <Filter>Header Files</Filter>
    </ClInclude>
    <ClInclude Include="..\..\..\Common\Common\inc\FreeOTFElib.h">
      <Filter>Header Files</Filter>
    </ClInclude>
    <ClInclude Include="..\..\..\Common\DRIVER\inc\FreeOTFEMACHash.h">
      <Filter>Header Files</Filter>
    </ClInclude>
    <ClInclude Include="..\..\..\Common\DRIVER\inc\FreeOTFEMACHMAC.h">
      <Filter>Header Files</Filter>
    </ClInclude>
    <ClInclude Include="..\..\..\Common\Common\inc\FreeOTFENULLGUID.h">
      <Filter>Header Files</Filter>
    </ClInclude>
    <ClInclude Include="..\..\..\Common\Common\inc\FreeOTFEPlatform.h">
      <Filter>Header Files</Filter>
    </ClInclude>
    <ClInclude Include="src\IFSRelated.h">
      <Filter>Header Files</Filter>
    </ClInclude>
    <ClInclude Include="src\resource.h">
      <Filter>Header Files</Filter>
    </ClInclude>
  </ItemGroup>
  <ItemGroup>
    <ResourceCompile Include="src\FreeOTFE.rc">
      <Filter>Resource Files</Filter>
    </ResourceCompile>
  </ItemGroup>
</Project>